// !$*UTF8*$!
{
	archiveVersion = 1;
	classes = {
	};
	objectVersion = 56;
	objects = {

/* Begin PBXBuildFile section */
		4D3397FC2B02399300963664 /* Publisher+Operator.swift in Sources */ = {isa = PBXBuildFile; fileRef = 4D3397FB2B02399300963664 /* Publisher+Operator.swift */; };
		4D3398082B023BE800963664 /* CheckListTableAction.swift in Sources */ = {isa = PBXBuildFile; fileRef = 4D3398032B023BE800963664 /* CheckListTableAction.swift */; };
		4D3398092B023BE800963664 /* CheckListTableRouter.swift in Sources */ = {isa = PBXBuildFile; fileRef = 4D3398042B023BE800963664 /* CheckListTableRouter.swift */; };
		4D33980A2B023BE800963664 /* CheckListTableViewModel.swift in Sources */ = {isa = PBXBuildFile; fileRef = 4D3398052B023BE800963664 /* CheckListTableViewModel.swift */; };
		4D33980B2B023BE800963664 /* CheckListTableViewController.swift in Sources */ = {isa = PBXBuildFile; fileRef = 4D3398062B023BE800963664 /* CheckListTableViewController.swift */; };
		4D33980C2B023BE800963664 /* CheckListTableViewFactory.swift in Sources */ = {isa = PBXBuildFile; fileRef = 4D3398072B023BE800963664 /* CheckListTableViewFactory.swift */; };
		4D3398152B02436100963664 /* CheckListTableCell.swift in Sources */ = {isa = PBXBuildFile; fileRef = 4D3398142B02436100963664 /* CheckListTableCell.swift */; };
		4D3398172B024FEE00963664 /* GaugeView.swift in Sources */ = {isa = PBXBuildFile; fileRef = 4D3398162B024FEE00963664 /* GaugeView.swift */; };
		4D967CD42B050EA60032E0D7 /* UIFont+.swift in Sources */ = {isa = PBXBuildFile; fileRef = 4D967CD32B050EA60032E0D7 /* UIFont+.swift */; };
		4D967CDA2B05147D0032E0D7 /* NotoSansCJKkr-Medium.otf in Resources */ = {isa = PBXBuildFile; fileRef = 4D967CD82B05147D0032E0D7 /* NotoSansCJKkr-Medium.otf */; };
		4D967CDB2B05147D0032E0D7 /* NotoSansCJKkr-Regular.otf in Resources */ = {isa = PBXBuildFile; fileRef = 4D967CD92B05147D0032E0D7 /* NotoSansCJKkr-Regular.otf */; };
		4D967CE12B051E3E0032E0D7 /* DefaultSampleRepository.swift in Sources */ = {isa = PBXBuildFile; fileRef = 4D967CE02B051E3E0032E0D7 /* DefaultSampleRepository.swift */; };
		4DD947052B044FF20054C104 /* CheckListTableItem.swift in Sources */ = {isa = PBXBuildFile; fileRef = 4DD947042B044FF20054C104 /* CheckListTableItem.swift */; };
		5F8615E02B02249C00CF2686 /* ViewModelable.swift in Sources */ = {isa = PBXBuildFile; fileRef = 5F8615DF2B02249C00CF2686 /* ViewModelable.swift */; };
		5F8615E22B0224E100CF2686 /* ViewBindable.swift in Sources */ = {isa = PBXBuildFile; fileRef = 5F8615E12B0224E100CF2686 /* ViewBindable.swift */; };
		5FA1F88E2AFF7DA400869079 /* Assets.xcassets in Resources */ = {isa = PBXBuildFile; fileRef = 5FA1F88D2AFF7DA400869079 /* Assets.xcassets */; };
		5FA1F8912AFF7DA400869079 /* LaunchScreen.storyboard in Resources */ = {isa = PBXBuildFile; fileRef = 5FA1F88F2AFF7DA400869079 /* LaunchScreen.storyboard */; };
		5FA1F8A62AFF7E6C00869079 /* AppComponent.swift in Sources */ = {isa = PBXBuildFile; fileRef = 5FA1F8A52AFF7E6C00869079 /* AppComponent.swift */; };
		5FA1F8A92AFF7F6700869079 /* AppDelegate.swift in Sources */ = {isa = PBXBuildFile; fileRef = 5FA1F8A82AFF7F6700869079 /* AppDelegate.swift */; };
		5FA1F8AB2AFF7F7300869079 /* SceneDelegate.swift in Sources */ = {isa = PBXBuildFile; fileRef = 5FA1F8AA2AFF7F7300869079 /* SceneDelegate.swift */; };
		5FA1F8AD2AFF7F9F00869079 /* AppRouter.swift in Sources */ = {isa = PBXBuildFile; fileRef = 5FA1F8AC2AFF7F9F00869079 /* AppRouter.swift */; };
		5FA1F8B32AFF7FBB00869079 /* Component.swift in Sources */ = {isa = PBXBuildFile; fileRef = 5FA1F8AF2AFF7FBB00869079 /* Component.swift */; };
		5FA1F8B42AFF7FBB00869079 /* ViewControllable.swift in Sources */ = {isa = PBXBuildFile; fileRef = 5FA1F8B02AFF7FBB00869079 /* ViewControllable.swift */; };
		5FA1F8B52AFF7FBB00869079 /* Factoryable.swift in Sources */ = {isa = PBXBuildFile; fileRef = 5FA1F8B12AFF7FBB00869079 /* Factoryable.swift */; };
		5FA1F8B62AFF7FBB00869079 /* Dependency.swift in Sources */ = {isa = PBXBuildFile; fileRef = 5FA1F8B22AFF7FBB00869079 /* Dependency.swift */; };
		5FA1F8BD2AFF7FFD00869079 /* SampleRepository.swift in Sources */ = {isa = PBXBuildFile; fileRef = 5FA1F8BC2AFF7FFD00869079 /* SampleRepository.swift */; };
		5FA1F8BF2AFF800600869079 /* SampleUseCase.swift in Sources */ = {isa = PBXBuildFile; fileRef = 5FA1F8BE2AFF800600869079 /* SampleUseCase.swift */; };
		5FA1F8D02AFF802900869079 /* RecommendTabViewFactory.swift in Sources */ = {isa = PBXBuildFile; fileRef = 5FA1F8C22AFF802900869079 /* RecommendTabViewFactory.swift */; };
		5FA1F8D12AFF802900869079 /* RecommendTabViewController.swift in Sources */ = {isa = PBXBuildFile; fileRef = 5FA1F8C32AFF802900869079 /* RecommendTabViewController.swift */; };
		5FA1F8D22AFF802900869079 /* RecommendTabRouter.swift in Sources */ = {isa = PBXBuildFile; fileRef = 5FA1F8C42AFF802900869079 /* RecommendTabRouter.swift */; };
		5FA1F8D32AFF802900869079 /* TabBarPage.swift in Sources */ = {isa = PBXBuildFile; fileRef = 5FA1F8C52AFF802900869079 /* TabBarPage.swift */; };
		5FA1F8D42AFF802900869079 /* CheckListTabViewController.swift in Sources */ = {isa = PBXBuildFile; fileRef = 5FA1F8C72AFF802900869079 /* CheckListTabViewController.swift */; };
		5FA1F8D52AFF802900869079 /* CheckListTabRouter.swift in Sources */ = {isa = PBXBuildFile; fileRef = 5FA1F8C82AFF802900869079 /* CheckListTabRouter.swift */; };
		5FA1F8D62AFF802900869079 /* CheckListTabViewFactory.swift in Sources */ = {isa = PBXBuildFile; fileRef = 5FA1F8C92AFF802900869079 /* CheckListTabViewFactory.swift */; };
		5FA1F8D72AFF802900869079 /* CheckListTabViewModel.swift in Sources */ = {isa = PBXBuildFile; fileRef = 5FA1F8CA2AFF802900869079 /* CheckListTabViewModel.swift */; };
		5FA1F8DF2AFF809C00869079 /* libCustomNetwork.a in Frameworks */ = {isa = PBXBuildFile; fileRef = 5FA1F8DD2AFF809C00869079 /* libCustomNetwork.a */; };
		5FA1F8E02AFF809C00869079 /* libCustomSocket.a in Frameworks */ = {isa = PBXBuildFile; fileRef = 5FA1F8DE2AFF809C00869079 /* libCustomSocket.a */; };
		5FA1F8E32AFF818E00869079 /* TabBarViewFactory.swift in Sources */ = {isa = PBXBuildFile; fileRef = 5FA1F8E22AFF818E00869079 /* TabBarViewFactory.swift */; };
		78C2EFFF2B03D58700E4EC4E /* AddTabAction.swift in Sources */ = {isa = PBXBuildFile; fileRef = 78C2EFFA2B03D58700E4EC4E /* AddTabAction.swift */; };
		78C2F0002B03D58700E4EC4E /* AddTabRouter.swift in Sources */ = {isa = PBXBuildFile; fileRef = 78C2EFFB2B03D58700E4EC4E /* AddTabRouter.swift */; };
		78C2F0012B03D58700E4EC4E /* AddTabViewController.swift in Sources */ = {isa = PBXBuildFile; fileRef = 78C2EFFC2B03D58700E4EC4E /* AddTabViewController.swift */; };
		78C2F0022B03D58700E4EC4E /* AddTabViewFactory.swift in Sources */ = {isa = PBXBuildFile; fileRef = 78C2EFFD2B03D58700E4EC4E /* AddTabViewFactory.swift */; };
		78C2F0032B03D58700E4EC4E /* AddTabViewModel.swift in Sources */ = {isa = PBXBuildFile; fileRef = 78C2EFFE2B03D58700E4EC4E /* AddTabViewModel.swift */; };
		78C2F0072B04657600E4EC4E /* ConfirmButton.swift in Sources */ = {isa = PBXBuildFile; fileRef = 78C2F0062B04657600E4EC4E /* ConfirmButton.swift */; };
		78C2F00A2B0487B400E4EC4E /* UITextField+Combine.swift in Sources */ = {isa = PBXBuildFile; fileRef = 78C2F0092B0487B400E4EC4E /* UITextField+Combine.swift */; };
		78C2F00D2B04882700E4EC4E /* UIControl+Combine.swift in Sources */ = {isa = PBXBuildFile; fileRef = 78C2F00C2B04882700E4EC4E /* UIControl+Combine.swift */; };
		78C2F00F2B048B6C00E4EC4E /* TabBarViewController.swift in Sources */ = {isa = PBXBuildFile; fileRef = 78C2F00E2B048B6C00E4EC4E /* TabBarViewController.swift */; };
		78C2F01C2B0490D300E4EC4E /* ValidCheckUseCase.swift in Sources */ = {isa = PBXBuildFile; fileRef = 78C2F01B2B0490D300E4EC4E /* ValidCheckUseCase.swift */; };
		78C2F01E2B04943E00E4EC4E /* String+.swift in Sources */ = {isa = PBXBuildFile; fileRef = 78C2F01D2B04943E00E4EC4E /* String+.swift */; };
		78C2F0202B04990E00E4EC4E /* UIButton+Combine.swift in Sources */ = {isa = PBXBuildFile; fileRef = 78C2F01F2B04990E00E4EC4E /* UIButton+Combine.swift */; };
		78C2F0222B049A8A00E4EC4E /* PersistenceUseCase.swift in Sources */ = {isa = PBXBuildFile; fileRef = 78C2F0212B049A8A00E4EC4E /* PersistenceUseCase.swift */; };
		78C2F0242B049AF100E4EC4E /* PersistenceRepository.swift in Sources */ = {isa = PBXBuildFile; fileRef = 78C2F0232B049AF100E4EC4E /* PersistenceRepository.swift */; };
		78C2F0262B049B1D00E4EC4E /* DefaultPersistenceRepository.swift in Sources */ = {isa = PBXBuildFile; fileRef = 78C2F0252B049B1D00E4EC4E /* DefaultPersistenceRepository.swift */; };
		78C2F0292B049B5E00E4EC4E /* CoreDataStorage.swift in Sources */ = {isa = PBXBuildFile; fileRef = 78C2F0282B049B5E00E4EC4E /* CoreDataStorage.swift */; };
/* End PBXBuildFile section */

/* Begin PBXFileReference section */
		4D3397FB2B02399300963664 /* Publisher+Operator.swift */ = {isa = PBXFileReference; lastKnownFileType = sourcecode.swift; path = "Publisher+Operator.swift"; sourceTree = "<group>"; };
		4D3398032B023BE800963664 /* CheckListTableAction.swift */ = {isa = PBXFileReference; fileEncoding = 4; lastKnownFileType = sourcecode.swift; path = CheckListTableAction.swift; sourceTree = "<group>"; };
		4D3398042B023BE800963664 /* CheckListTableRouter.swift */ = {isa = PBXFileReference; fileEncoding = 4; lastKnownFileType = sourcecode.swift; path = CheckListTableRouter.swift; sourceTree = "<group>"; };
		4D3398052B023BE800963664 /* CheckListTableViewModel.swift */ = {isa = PBXFileReference; fileEncoding = 4; lastKnownFileType = sourcecode.swift; path = CheckListTableViewModel.swift; sourceTree = "<group>"; };
		4D3398062B023BE800963664 /* CheckListTableViewController.swift */ = {isa = PBXFileReference; fileEncoding = 4; lastKnownFileType = sourcecode.swift; path = CheckListTableViewController.swift; sourceTree = "<group>"; };
		4D3398072B023BE800963664 /* CheckListTableViewFactory.swift */ = {isa = PBXFileReference; fileEncoding = 4; lastKnownFileType = sourcecode.swift; path = CheckListTableViewFactory.swift; sourceTree = "<group>"; };
		4D3398142B02436100963664 /* CheckListTableCell.swift */ = {isa = PBXFileReference; lastKnownFileType = sourcecode.swift; path = CheckListTableCell.swift; sourceTree = "<group>"; };
		4D3398162B024FEE00963664 /* GaugeView.swift */ = {isa = PBXFileReference; lastKnownFileType = sourcecode.swift; path = GaugeView.swift; sourceTree = "<group>"; };
		4D967CD32B050EA60032E0D7 /* UIFont+.swift */ = {isa = PBXFileReference; lastKnownFileType = sourcecode.swift; path = "UIFont+.swift"; sourceTree = "<group>"; };
		4D967CD82B05147D0032E0D7 /* NotoSansCJKkr-Medium.otf */ = {isa = PBXFileReference; lastKnownFileType = file; path = "NotoSansCJKkr-Medium.otf"; sourceTree = "<group>"; };
		4D967CD92B05147D0032E0D7 /* NotoSansCJKkr-Regular.otf */ = {isa = PBXFileReference; lastKnownFileType = file; path = "NotoSansCJKkr-Regular.otf"; sourceTree = "<group>"; };
		4D967CE02B051E3E0032E0D7 /* DefaultSampleRepository.swift */ = {isa = PBXFileReference; fileEncoding = 4; lastKnownFileType = sourcecode.swift; path = DefaultSampleRepository.swift; sourceTree = "<group>"; };
		4DD947042B044FF20054C104 /* CheckListTableItem.swift */ = {isa = PBXFileReference; fileEncoding = 4; lastKnownFileType = sourcecode.swift; path = CheckListTableItem.swift; sourceTree = "<group>"; };
		5F8615DF2B02249C00CF2686 /* ViewModelable.swift */ = {isa = PBXFileReference; lastKnownFileType = sourcecode.swift; path = ViewModelable.swift; sourceTree = "<group>"; };
		5F8615E12B0224E100CF2686 /* ViewBindable.swift */ = {isa = PBXFileReference; lastKnownFileType = sourcecode.swift; path = ViewBindable.swift; sourceTree = "<group>"; };
		5FA1F8812AFF7DA200869079 /* OpenList.app */ = {isa = PBXFileReference; explicitFileType = wrapper.application; includeInIndex = 0; path = OpenList.app; sourceTree = BUILT_PRODUCTS_DIR; };
		5FA1F88D2AFF7DA400869079 /* Assets.xcassets */ = {isa = PBXFileReference; lastKnownFileType = folder.assetcatalog; path = Assets.xcassets; sourceTree = "<group>"; };
		5FA1F8902AFF7DA400869079 /* Base */ = {isa = PBXFileReference; lastKnownFileType = file.storyboard; name = Base; path = Base.lproj/LaunchScreen.storyboard; sourceTree = "<group>"; };
		5FA1F8922AFF7DA400869079 /* Info.plist */ = {isa = PBXFileReference; lastKnownFileType = text.plist.xml; path = Info.plist; sourceTree = "<group>"; };
		5FA1F8A52AFF7E6C00869079 /* AppComponent.swift */ = {isa = PBXFileReference; lastKnownFileType = sourcecode.swift; path = AppComponent.swift; sourceTree = "<group>"; };
		5FA1F8A82AFF7F6700869079 /* AppDelegate.swift */ = {isa = PBXFileReference; lastKnownFileType = sourcecode.swift; path = AppDelegate.swift; sourceTree = "<group>"; };
		5FA1F8AA2AFF7F7300869079 /* SceneDelegate.swift */ = {isa = PBXFileReference; lastKnownFileType = sourcecode.swift; path = SceneDelegate.swift; sourceTree = "<group>"; };
		5FA1F8AC2AFF7F9F00869079 /* AppRouter.swift */ = {isa = PBXFileReference; lastKnownFileType = sourcecode.swift; path = AppRouter.swift; sourceTree = "<group>"; };
		5FA1F8AF2AFF7FBB00869079 /* Component.swift */ = {isa = PBXFileReference; fileEncoding = 4; lastKnownFileType = sourcecode.swift; path = Component.swift; sourceTree = "<group>"; };
		5FA1F8B02AFF7FBB00869079 /* ViewControllable.swift */ = {isa = PBXFileReference; fileEncoding = 4; lastKnownFileType = sourcecode.swift; path = ViewControllable.swift; sourceTree = "<group>"; };
		5FA1F8B12AFF7FBB00869079 /* Factoryable.swift */ = {isa = PBXFileReference; fileEncoding = 4; lastKnownFileType = sourcecode.swift; path = Factoryable.swift; sourceTree = "<group>"; };
		5FA1F8B22AFF7FBB00869079 /* Dependency.swift */ = {isa = PBXFileReference; fileEncoding = 4; lastKnownFileType = sourcecode.swift; path = Dependency.swift; sourceTree = "<group>"; };
		5FA1F8BC2AFF7FFD00869079 /* SampleRepository.swift */ = {isa = PBXFileReference; fileEncoding = 4; lastKnownFileType = sourcecode.swift; path = SampleRepository.swift; sourceTree = "<group>"; };
		5FA1F8BE2AFF800600869079 /* SampleUseCase.swift */ = {isa = PBXFileReference; fileEncoding = 4; lastKnownFileType = sourcecode.swift; path = SampleUseCase.swift; sourceTree = "<group>"; };
		5FA1F8C22AFF802900869079 /* RecommendTabViewFactory.swift */ = {isa = PBXFileReference; fileEncoding = 4; lastKnownFileType = sourcecode.swift; path = RecommendTabViewFactory.swift; sourceTree = "<group>"; };
		5FA1F8C32AFF802900869079 /* RecommendTabViewController.swift */ = {isa = PBXFileReference; fileEncoding = 4; lastKnownFileType = sourcecode.swift; path = RecommendTabViewController.swift; sourceTree = "<group>"; };
		5FA1F8C42AFF802900869079 /* RecommendTabRouter.swift */ = {isa = PBXFileReference; fileEncoding = 4; lastKnownFileType = sourcecode.swift; path = RecommendTabRouter.swift; sourceTree = "<group>"; };
		5FA1F8C52AFF802900869079 /* TabBarPage.swift */ = {isa = PBXFileReference; fileEncoding = 4; lastKnownFileType = sourcecode.swift; path = TabBarPage.swift; sourceTree = "<group>"; };
		5FA1F8C72AFF802900869079 /* CheckListTabViewController.swift */ = {isa = PBXFileReference; fileEncoding = 4; lastKnownFileType = sourcecode.swift; path = CheckListTabViewController.swift; sourceTree = "<group>"; };
		5FA1F8C82AFF802900869079 /* CheckListTabRouter.swift */ = {isa = PBXFileReference; fileEncoding = 4; lastKnownFileType = sourcecode.swift; path = CheckListTabRouter.swift; sourceTree = "<group>"; };
		5FA1F8C92AFF802900869079 /* CheckListTabViewFactory.swift */ = {isa = PBXFileReference; fileEncoding = 4; lastKnownFileType = sourcecode.swift; path = CheckListTabViewFactory.swift; sourceTree = "<group>"; };
		5FA1F8CA2AFF802900869079 /* CheckListTabViewModel.swift */ = {isa = PBXFileReference; fileEncoding = 4; lastKnownFileType = sourcecode.swift; path = CheckListTabViewModel.swift; sourceTree = "<group>"; };
		5FA1F8DD2AFF809C00869079 /* libCustomNetwork.a */ = {isa = PBXFileReference; explicitFileType = archive.ar; path = libCustomNetwork.a; sourceTree = BUILT_PRODUCTS_DIR; };
		5FA1F8DE2AFF809C00869079 /* libCustomSocket.a */ = {isa = PBXFileReference; explicitFileType = archive.ar; path = libCustomSocket.a; sourceTree = BUILT_PRODUCTS_DIR; };
		5FA1F8E22AFF818E00869079 /* TabBarViewFactory.swift */ = {isa = PBXFileReference; lastKnownFileType = sourcecode.swift; path = TabBarViewFactory.swift; sourceTree = "<group>"; };
		78C2EFFA2B03D58700E4EC4E /* AddTabAction.swift */ = {isa = PBXFileReference; lastKnownFileType = sourcecode.swift; path = AddTabAction.swift; sourceTree = "<group>"; };
		78C2EFFB2B03D58700E4EC4E /* AddTabRouter.swift */ = {isa = PBXFileReference; lastKnownFileType = sourcecode.swift; path = AddTabRouter.swift; sourceTree = "<group>"; };
		78C2EFFC2B03D58700E4EC4E /* AddTabViewController.swift */ = {isa = PBXFileReference; lastKnownFileType = sourcecode.swift; path = AddTabViewController.swift; sourceTree = "<group>"; };
		78C2EFFD2B03D58700E4EC4E /* AddTabViewFactory.swift */ = {isa = PBXFileReference; lastKnownFileType = sourcecode.swift; path = AddTabViewFactory.swift; sourceTree = "<group>"; };
		78C2EFFE2B03D58700E4EC4E /* AddTabViewModel.swift */ = {isa = PBXFileReference; lastKnownFileType = sourcecode.swift; path = AddTabViewModel.swift; sourceTree = "<group>"; };
		78C2F0062B04657600E4EC4E /* ConfirmButton.swift */ = {isa = PBXFileReference; lastKnownFileType = sourcecode.swift; path = ConfirmButton.swift; sourceTree = "<group>"; };
		78C2F0092B0487B400E4EC4E /* UITextField+Combine.swift */ = {isa = PBXFileReference; lastKnownFileType = sourcecode.swift; path = "UITextField+Combine.swift"; sourceTree = "<group>"; };
		78C2F00C2B04882700E4EC4E /* UIControl+Combine.swift */ = {isa = PBXFileReference; lastKnownFileType = sourcecode.swift; path = "UIControl+Combine.swift"; sourceTree = "<group>"; };
		78C2F00E2B048B6C00E4EC4E /* TabBarViewController.swift */ = {isa = PBXFileReference; lastKnownFileType = sourcecode.swift; path = TabBarViewController.swift; sourceTree = "<group>"; };
		78C2F01B2B0490D300E4EC4E /* ValidCheckUseCase.swift */ = {isa = PBXFileReference; lastKnownFileType = sourcecode.swift; path = ValidCheckUseCase.swift; sourceTree = "<group>"; };
		78C2F01D2B04943E00E4EC4E /* String+.swift */ = {isa = PBXFileReference; lastKnownFileType = sourcecode.swift; path = "String+.swift"; sourceTree = "<group>"; };
		78C2F01F2B04990E00E4EC4E /* UIButton+Combine.swift */ = {isa = PBXFileReference; lastKnownFileType = sourcecode.swift; path = "UIButton+Combine.swift"; sourceTree = "<group>"; };
		78C2F0212B049A8A00E4EC4E /* PersistenceUseCase.swift */ = {isa = PBXFileReference; lastKnownFileType = sourcecode.swift; path = PersistenceUseCase.swift; sourceTree = "<group>"; };
		78C2F0232B049AF100E4EC4E /* PersistenceRepository.swift */ = {isa = PBXFileReference; lastKnownFileType = sourcecode.swift; path = PersistenceRepository.swift; sourceTree = "<group>"; };
		78C2F0252B049B1D00E4EC4E /* DefaultPersistenceRepository.swift */ = {isa = PBXFileReference; lastKnownFileType = sourcecode.swift; path = DefaultPersistenceRepository.swift; sourceTree = "<group>"; };
		78C2F0282B049B5E00E4EC4E /* CoreDataStorage.swift */ = {isa = PBXFileReference; lastKnownFileType = sourcecode.swift; path = CoreDataStorage.swift; sourceTree = "<group>"; };
/* End PBXFileReference section */

/* Begin PBXFrameworksBuildPhase section */
		5FA1F87E2AFF7DA200869079 /* Frameworks */ = {
			isa = PBXFrameworksBuildPhase;
			buildActionMask = 2147483647;
			files = (
				5FA1F8DF2AFF809C00869079 /* libCustomNetwork.a in Frameworks */,
				5FA1F8E02AFF809C00869079 /* libCustomSocket.a in Frameworks */,
			);
			runOnlyForDeploymentPostprocessing = 0;
		};
/* End PBXFrameworksBuildPhase section */

/* Begin PBXGroup section */
		4D3397F92B02396800963664 /* Extension */ = {
			isa = PBXGroup;
			children = (
				4D967CD32B050EA60032E0D7 /* UIFont+.swift */,
				78C2F0082B04879F00E4EC4E /* Combine+ */,
				4D3397FB2B02399300963664 /* Publisher+Operator.swift */,
				78C2F01D2B04943E00E4EC4E /* String+.swift */,
			);
			path = Extension;
			sourceTree = "<group>";
		};
		4D3398022B023BE800963664 /* CheckListTableScene */ = {
			isa = PBXGroup;
			children = (
				4D3398132B02434F00963664 /* View */,
				4D3398032B023BE800963664 /* CheckListTableAction.swift */,
				4D3398042B023BE800963664 /* CheckListTableRouter.swift */,
				4D3398052B023BE800963664 /* CheckListTableViewModel.swift */,
				4D3398062B023BE800963664 /* CheckListTableViewController.swift */,
				4D3398072B023BE800963664 /* CheckListTableViewFactory.swift */,
			);
			path = CheckListTableScene;
			sourceTree = "<group>";
		};
		4D3398132B02434F00963664 /* View */ = {
			isa = PBXGroup;
			children = (
				4D3398142B02436100963664 /* CheckListTableCell.swift */,
				4D3398162B024FEE00963664 /* GaugeView.swift */,
			);
			path = View;
			sourceTree = "<group>";
		};
		4D967CD72B05147D0032E0D7 /* Fonts */ = {
			isa = PBXGroup;
			children = (
				4D967CD82B05147D0032E0D7 /* NotoSansCJKkr-Medium.otf */,
				4D967CD92B05147D0032E0D7 /* NotoSansCJKkr-Regular.otf */,
			);
			path = Fonts;
			sourceTree = "<group>";
		};
		4D967CDE2B051E3E0032E0D7 /* Data */ = {
			isa = PBXGroup;
			children = (
				4D967CDF2B051E3E0032E0D7 /* Repositories */,
			);
			path = Data;
			sourceTree = "<group>";
		};
		4D967CDF2B051E3E0032E0D7 /* Repositories */ = {
			isa = PBXGroup;
			children = (
				4D967CE02B051E3E0032E0D7 /* DefaultSampleRepository.swift */,
			);
			path = Repositories;
			sourceTree = "<group>";
		};
		4DD946E92B038F120054C104 /* Entites */ = {
			isa = PBXGroup;
			children = (
				4DD947042B044FF20054C104 /* CheckListTableItem.swift */,
			);
			path = Entites;
			sourceTree = "<group>";
		};
		5FA1F8782AFF7DA200869079 = {
			isa = PBXGroup;
			children = (
				5FA1F8E12AFF80AA00869079 /* OpenList */,
				5FA1F8822AFF7DA200869079 /* Products */,
				5FA1F8DC2AFF809C00869079 /* Frameworks */,
			);
			sourceTree = "<group>";
		};
		5FA1F8822AFF7DA200869079 /* Products */ = {
			isa = PBXGroup;
			children = (
				5FA1F8812AFF7DA200869079 /* OpenList.app */,
			);
			name = Products;
			sourceTree = "<group>";
		};
		5FA1F8832AFF7DA200869079 /* App */ = {
			isa = PBXGroup;
			children = (
				5FA1F8A52AFF7E6C00869079 /* AppComponent.swift */,
				5FA1F8A82AFF7F6700869079 /* AppDelegate.swift */,
				5FA1F8AC2AFF7F9F00869079 /* AppRouter.swift */,
				5FA1F8AA2AFF7F7300869079 /* SceneDelegate.swift */,
				5FA1F8A42AFF7E2F00869079 /* Resources */,
			);
			path = App;
			sourceTree = "<group>";
		};
		5FA1F8982AFF7E0F00869079 /* Data */ = {
			isa = PBXGroup;
			children = (
				78C2F0272B049B4300E4EC4E /* LocalStorage */,
				5FA1F8B72AFF7FCF00869079 /* Repositories */,
			);
			path = Data;
			sourceTree = "<group>";
		};
		5FA1F8992AFF7E1300869079 /* Domain */ = {
			isa = PBXGroup;
			children = (
				4DD946E92B038F120054C104 /* Entites */,
				5FA1F8BA2AFF7FEA00869079 /* Repositories */,
				5FA1F8BB2AFF7FF000869079 /* UseCases */,
			);
			path = Domain;
			sourceTree = "<group>";
		};
		5FA1F89A2AFF7E1600869079 /* Scenes */ = {
			isa = PBXGroup;
			children = (
				5FA1F8C02AFF801600869079 /* TabbarScene */,
			);
			path = Scenes;
			sourceTree = "<group>";
		};
		5FA1F89B2AFF7E1D00869079 /* Utils */ = {
			isa = PBXGroup;
			children = (
				5FA1F8AE2AFF7FAD00869079 /* App */,
			);
			path = Utils;
			sourceTree = "<group>";
		};
		5FA1F8A42AFF7E2F00869079 /* Resources */ = {
			isa = PBXGroup;
			children = (
				5FA1F88D2AFF7DA400869079 /* Assets.xcassets */,
				5FA1F8922AFF7DA400869079 /* Info.plist */,
				5FA1F88F2AFF7DA400869079 /* LaunchScreen.storyboard */,
			);
			path = Resources;
			sourceTree = "<group>";
		};
		5FA1F8AE2AFF7FAD00869079 /* App */ = {
			isa = PBXGroup;
			children = (
				5FA1F8AF2AFF7FBB00869079 /* Component.swift */,
				5FA1F8B22AFF7FBB00869079 /* Dependency.swift */,
				5FA1F8B12AFF7FBB00869079 /* Factoryable.swift */,
				5F8615E12B0224E100CF2686 /* ViewBindable.swift */,
				5FA1F8B02AFF7FBB00869079 /* ViewControllable.swift */,
				5F8615DF2B02249C00CF2686 /* ViewModelable.swift */,
			);
			path = App;
			sourceTree = "<group>";
		};
		5FA1F8B72AFF7FCF00869079 /* Repositories */ = {
			isa = PBXGroup;
			children = (
				5FA1F8B82AFF7FE100869079 /* DefaultSampleRepository.swift */,
				78C2F0252B049B1D00E4EC4E /* DefaultPersistenceRepository.swift */,
			);
			path = Repositories;
			sourceTree = "<group>";
		};
		5FA1F8BA2AFF7FEA00869079 /* Repositories */ = {
			isa = PBXGroup;
			children = (
				5FA1F8BC2AFF7FFD00869079 /* SampleRepository.swift */,
				78C2F0232B049AF100E4EC4E /* PersistenceRepository.swift */,
			);
			path = Repositories;
			sourceTree = "<group>";
		};
		5FA1F8BB2AFF7FF000869079 /* UseCases */ = {
			isa = PBXGroup;
			children = (
				5FA1F8BE2AFF800600869079 /* SampleUseCase.swift */,
				78C2F01B2B0490D300E4EC4E /* ValidCheckUseCase.swift */,
				78C2F0212B049A8A00E4EC4E /* PersistenceUseCase.swift */,
			);
			path = UseCases;
			sourceTree = "<group>";
		};
		5FA1F8C02AFF801600869079 /* TabbarScene */ = {
			isa = PBXGroup;
			children = (
				5FA1F8CB2AFF802900869079 /* AddTabScene */,
				5FA1F8C62AFF802900869079 /* CheckListTabScene */,
				5FA1F8C12AFF802900869079 /* RecommendTabScene */,
				5FA1F8C52AFF802900869079 /* TabBarPage.swift */,
				5FA1F8E22AFF818E00869079 /* TabBarViewFactory.swift */,
				78C2F00E2B048B6C00E4EC4E /* TabBarViewController.swift */,
			);
			path = TabbarScene;
			sourceTree = "<group>";
		};
		5FA1F8C12AFF802900869079 /* RecommendTabScene */ = {
			isa = PBXGroup;
			children = (
				5FA1F8C22AFF802900869079 /* RecommendTabViewFactory.swift */,
				5FA1F8C32AFF802900869079 /* RecommendTabViewController.swift */,
				5FA1F8C42AFF802900869079 /* RecommendTabRouter.swift */,
			);
			path = RecommendTabScene;
			sourceTree = "<group>";
		};
		5FA1F8C62AFF802900869079 /* CheckListTabScene */ = {
			isa = PBXGroup;
			children = (
				4D3398022B023BE800963664 /* CheckListTableScene */,
				5FA1F8C72AFF802900869079 /* CheckListTabViewController.swift */,
				5FA1F8C82AFF802900869079 /* CheckListTabRouter.swift */,
				5FA1F8C92AFF802900869079 /* CheckListTabViewFactory.swift */,
				5FA1F8CA2AFF802900869079 /* CheckListTabViewModel.swift */,
			);
			path = CheckListTabScene;
			sourceTree = "<group>";
		};
		5FA1F8CB2AFF802900869079 /* AddTabScene */ = {
			isa = PBXGroup;
			children = (
				78C2EFFA2B03D58700E4EC4E /* AddTabAction.swift */,
				78C2EFFB2B03D58700E4EC4E /* AddTabRouter.swift */,
				78C2EFFC2B03D58700E4EC4E /* AddTabViewController.swift */,
				78C2EFFD2B03D58700E4EC4E /* AddTabViewFactory.swift */,
				78C2EFFE2B03D58700E4EC4E /* AddTabViewModel.swift */,
			);
			path = AddTabScene;
			sourceTree = "<group>";
		};
		5FA1F8DC2AFF809C00869079 /* Frameworks */ = {
			isa = PBXGroup;
			children = (
				5FA1F8DD2AFF809C00869079 /* libCustomNetwork.a */,
				5FA1F8DE2AFF809C00869079 /* libCustomSocket.a */,
			);
			name = Frameworks;
			sourceTree = "<group>";
		};
		5FA1F8E12AFF80AA00869079 /* OpenList */ = {
			isa = PBXGroup;
			children = (
				4D967CD72B05147D0032E0D7 /* Fonts */,
				78C2F0042B04653B00E4EC4E /* DesignSystem */,
				5FA1F8832AFF7DA200869079 /* App */,
				4D3397F92B02396800963664 /* Extension */,
				4D967CDE2B051E3E0032E0D7 /* Data */,
				5FA1F8992AFF7E1300869079 /* Domain */,
				5FA1F89A2AFF7E1600869079 /* Scenes */,
				5FA1F89B2AFF7E1D00869079 /* Utils */,
			);
			path = OpenList;
			sourceTree = "<group>";
		};
		78C2F0042B04653B00E4EC4E /* DesignSystem */ = {
			isa = PBXGroup;
			children = (
				78C2F0052B04654900E4EC4E /* Sources */,
			);
			path = DesignSystem;
			sourceTree = "<group>";
		};
		78C2F0052B04654900E4EC4E /* Sources */ = {
			isa = PBXGroup;
			children = (
				78C2F0062B04657600E4EC4E /* ConfirmButton.swift */,
			);
			path = Sources;
			sourceTree = "<group>";
		};
		78C2F0082B04879F00E4EC4E /* Combine+ */ = {
			isa = PBXGroup;
			children = (
				78C2F0092B0487B400E4EC4E /* UITextField+Combine.swift */,
				78C2F01F2B04990E00E4EC4E /* UIButton+Combine.swift */,
				78C2F00C2B04882700E4EC4E /* UIControl+Combine.swift */,
			);
			path = "Combine+";
			sourceTree = "<group>";
		};
		78C2F0272B049B4300E4EC4E /* LocalStorage */ = {
			isa = PBXGroup;
			children = (
				78C2F0282B049B5E00E4EC4E /* CoreDataStorage.swift */,
			);
			path = LocalStorage;
			sourceTree = "<group>";
		};
/* End PBXGroup section */

/* Begin PBXNativeTarget section */
		5FA1F8802AFF7DA200869079 /* OpenList */ = {
			isa = PBXNativeTarget;
			buildConfigurationList = 5FA1F8952AFF7DA400869079 /* Build configuration list for PBXNativeTarget "OpenList" */;
			buildPhases = (
				5FB19C5A2B0349E00074813C /* SwiftLint */,
				5FA1F87D2AFF7DA200869079 /* Sources */,
				5FA1F87E2AFF7DA200869079 /* Frameworks */,
				5FA1F87F2AFF7DA200869079 /* Resources */,
			);
			buildRules = (
			);
			dependencies = (
			);
			name = OpenList;
			productName = OpenList;
			productReference = 5FA1F8812AFF7DA200869079 /* OpenList.app */;
			productType = "com.apple.product-type.application";
		};
/* End PBXNativeTarget section */

/* Begin PBXProject section */
		5FA1F8792AFF7DA200869079 /* Project object */ = {
			isa = PBXProject;
			attributes = {
				BuildIndependentTargetsInParallel = 1;
				LastSwiftUpdateCheck = 1500;
				LastUpgradeCheck = 1500;
				TargetAttributes = {
					5FA1F8802AFF7DA200869079 = {
						CreatedOnToolsVersion = 15.0.1;
						LastSwiftMigration = 1500;
					};
				};
			};
			buildConfigurationList = 5FA1F87C2AFF7DA200869079 /* Build configuration list for PBXProject "OpenList" */;
			compatibilityVersion = "Xcode 14.0";
			developmentRegion = en;
			hasScannedForEncodings = 0;
			knownRegions = (
				en,
				Base,
			);
			mainGroup = 5FA1F8782AFF7DA200869079;
			productRefGroup = 5FA1F8822AFF7DA200869079 /* Products */;
			projectDirPath = "";
			projectRoot = "";
			targets = (
				5FA1F8802AFF7DA200869079 /* OpenList */,
			);
		};
/* End PBXProject section */

/* Begin PBXResourcesBuildPhase section */
		5FA1F87F2AFF7DA200869079 /* Resources */ = {
			isa = PBXResourcesBuildPhase;
			buildActionMask = 2147483647;
			files = (
				5FA1F8912AFF7DA400869079 /* LaunchScreen.storyboard in Resources */,
				4D967CDB2B05147D0032E0D7 /* NotoSansCJKkr-Regular.otf in Resources */,
				5FA1F88E2AFF7DA400869079 /* Assets.xcassets in Resources */,
				4D967CDA2B05147D0032E0D7 /* NotoSansCJKkr-Medium.otf in Resources */,
			);
			runOnlyForDeploymentPostprocessing = 0;
		};
/* End PBXResourcesBuildPhase section */

/* Begin PBXShellScriptBuildPhase section */
		5FB19C5A2B0349E00074813C /* SwiftLint */ = {
			isa = PBXShellScriptBuildPhase;
			alwaysOutOfDate = 1;
			buildActionMask = 2147483647;
			files = (
			);
			inputFileListPaths = (
			);
			inputPaths = (
			);
			name = SwiftLint;
			outputFileListPaths = (
			);
			outputPaths = (
			);
			runOnlyForDeploymentPostprocessing = 0;
			shellPath = /bin/sh;
			shellScript = "if which swiftlint > /dev/null; then\n  swiftlint\nelse\n  echo \"warning: SwiftLint not installed, download from https://github.com/realm/SwiftLint\"\nfi\n";
		};
/* End PBXShellScriptBuildPhase section */

/* Begin PBXSourcesBuildPhase section */
		5FA1F87D2AFF7DA200869079 /* Sources */ = {
			isa = PBXSourcesBuildPhase;
			buildActionMask = 2147483647;
			files = (
				4D33980A2B023BE800963664 /* CheckListTableViewModel.swift in Sources */,
				78C2EFFF2B03D58700E4EC4E /* AddTabAction.swift in Sources */,
				78C2F0072B04657600E4EC4E /* ConfirmButton.swift in Sources */,
				5FA1F8B52AFF7FBB00869079 /* Factoryable.swift in Sources */,
				78C2F00D2B04882700E4EC4E /* UIControl+Combine.swift in Sources */,
				5FA1F8AD2AFF7F9F00869079 /* AppRouter.swift in Sources */,
				78C2F0012B03D58700E4EC4E /* AddTabViewController.swift in Sources */,
				78C2F0242B049AF100E4EC4E /* PersistenceRepository.swift in Sources */,
				5FA1F8B62AFF7FBB00869079 /* Dependency.swift in Sources */,
				78C2F00F2B048B6C00E4EC4E /* TabBarViewController.swift in Sources */,
				78C2F0222B049A8A00E4EC4E /* PersistenceUseCase.swift in Sources */,
				5F8615E22B0224E100CF2686 /* ViewBindable.swift in Sources */,
				5FA1F8D92AFF802900869079 /* AddTabViewController.swift in Sources */,
				4D967CE12B051E3E0032E0D7 /* DefaultSampleRepository.swift in Sources */,
				5FA1F8D32AFF802900869079 /* TabBarPage.swift in Sources */,
				78C2F0002B03D58700E4EC4E /* AddTabRouter.swift in Sources */,
				78C2F0032B03D58700E4EC4E /* AddTabViewModel.swift in Sources */,
				5FA1F8B42AFF7FBB00869079 /* ViewControllable.swift in Sources */,
				5F8615E02B02249C00CF2686 /* ViewModelable.swift in Sources */,
				5FA1F8A92AFF7F6700869079 /* AppDelegate.swift in Sources */,
				5FA1F8D42AFF802900869079 /* CheckListTabViewController.swift in Sources */,
				78C2F0262B049B1D00E4EC4E /* DefaultPersistenceRepository.swift in Sources */,
				5FA1F8D52AFF802900869079 /* CheckListTabRouter.swift in Sources */,
				5FA1F8BD2AFF7FFD00869079 /* SampleRepository.swift in Sources */,
				78C2F00A2B0487B400E4EC4E /* UITextField+Combine.swift in Sources */,
				4D33980C2B023BE800963664 /* CheckListTableViewFactory.swift in Sources */,
				5FA1F8E32AFF818E00869079 /* TabBarViewFactory.swift in Sources */,
				78C2F0292B049B5E00E4EC4E /* CoreDataStorage.swift in Sources */,
				4D3398082B023BE800963664 /* CheckListTableAction.swift in Sources */,
				5FA1F8BF2AFF800600869079 /* SampleUseCase.swift in Sources */,
				4D967CD42B050EA60032E0D7 /* UIFont+.swift in Sources */,
				5FA1F8D82AFF802900869079 /* AddTabRouter.swift in Sources */,
				5FA1F8D22AFF802900869079 /* RecommendTabRouter.swift in Sources */,
				78C2F0022B03D58700E4EC4E /* AddTabViewFactory.swift in Sources */,
				5FA1F8D72AFF802900869079 /* CheckListTabViewModel.swift in Sources */,
				5FA1F8D12AFF802900869079 /* RecommendTabViewController.swift in Sources */,
				5FA1F8A62AFF7E6C00869079 /* AppComponent.swift in Sources */,
				4D33980B2B023BE800963664 /* CheckListTableViewController.swift in Sources */,
				5FA1F8D02AFF802900869079 /* RecommendTabViewFactory.swift in Sources */,
				5FA1F8AB2AFF7F7300869079 /* SceneDelegate.swift in Sources */,
				5FA1F8D62AFF802900869079 /* CheckListTabViewFactory.swift in Sources */,
				4D3398092B023BE800963664 /* CheckListTableRouter.swift in Sources */,
				4D3398172B024FEE00963664 /* GaugeView.swift in Sources */,
				5FA1F8B32AFF7FBB00869079 /* Component.swift in Sources */,
				78C2F0202B04990E00E4EC4E /* UIButton+Combine.swift in Sources */,
				4D3398152B02436100963664 /* CheckListTableCell.swift in Sources */,
				4DD947052B044FF20054C104 /* CheckListTableItem.swift in Sources */,
				78C2F01C2B0490D300E4EC4E /* ValidCheckUseCase.swift in Sources */,
				78C2F01E2B04943E00E4EC4E /* String+.swift in Sources */,
				4D3397FC2B02399300963664 /* Publisher+Operator.swift in Sources */,
			);
			runOnlyForDeploymentPostprocessing = 0;
		};
/* End PBXSourcesBuildPhase section */

/* Begin PBXVariantGroup section */
		5FA1F88F2AFF7DA400869079 /* LaunchScreen.storyboard */ = {
			isa = PBXVariantGroup;
			children = (
				5FA1F8902AFF7DA400869079 /* Base */,
			);
			name = LaunchScreen.storyboard;
			sourceTree = "<group>";
		};
/* End PBXVariantGroup section */

/* Begin XCBuildConfiguration section */
		5FA1F8932AFF7DA400869079 /* Debug */ = {
			isa = XCBuildConfiguration;
			buildSettings = {
				ALWAYS_SEARCH_USER_PATHS = NO;
				ASSETCATALOG_COMPILER_GENERATE_SWIFT_ASSET_SYMBOL_EXTENSIONS = YES;
				CLANG_ANALYZER_NONNULL = YES;
				CLANG_ANALYZER_NUMBER_OBJECT_CONVERSION = YES_AGGRESSIVE;
				CLANG_CXX_LANGUAGE_STANDARD = "gnu++20";
				CLANG_ENABLE_MODULES = YES;
				CLANG_ENABLE_OBJC_ARC = YES;
				CLANG_ENABLE_OBJC_WEAK = YES;
				CLANG_WARN_BLOCK_CAPTURE_AUTORELEASING = YES;
				CLANG_WARN_BOOL_CONVERSION = YES;
				CLANG_WARN_COMMA = YES;
				CLANG_WARN_CONSTANT_CONVERSION = YES;
				CLANG_WARN_DEPRECATED_OBJC_IMPLEMENTATIONS = YES;
				CLANG_WARN_DIRECT_OBJC_ISA_USAGE = YES_ERROR;
				CLANG_WARN_DOCUMENTATION_COMMENTS = YES;
				CLANG_WARN_EMPTY_BODY = YES;
				CLANG_WARN_ENUM_CONVERSION = YES;
				CLANG_WARN_INFINITE_RECURSION = YES;
				CLANG_WARN_INT_CONVERSION = YES;
				CLANG_WARN_NON_LITERAL_NULL_CONVERSION = YES;
				CLANG_WARN_OBJC_IMPLICIT_RETAIN_SELF = YES;
				CLANG_WARN_OBJC_LITERAL_CONVERSION = YES;
				CLANG_WARN_OBJC_ROOT_CLASS = YES_ERROR;
				CLANG_WARN_QUOTED_INCLUDE_IN_FRAMEWORK_HEADER = YES;
				CLANG_WARN_RANGE_LOOP_ANALYSIS = YES;
				CLANG_WARN_STRICT_PROTOTYPES = YES;
				CLANG_WARN_SUSPICIOUS_MOVE = YES;
				CLANG_WARN_UNGUARDED_AVAILABILITY = YES_AGGRESSIVE;
				CLANG_WARN_UNREACHABLE_CODE = YES;
				CLANG_WARN__DUPLICATE_METHOD_MATCH = YES;
				COPY_PHASE_STRIP = NO;
				DEBUG_INFORMATION_FORMAT = dwarf;
				ENABLE_STRICT_OBJC_MSGSEND = YES;
				ENABLE_TESTABILITY = YES;
				ENABLE_USER_SCRIPT_SANDBOXING = YES;
				GCC_C_LANGUAGE_STANDARD = gnu17;
				GCC_DYNAMIC_NO_PIC = NO;
				GCC_NO_COMMON_BLOCKS = YES;
				GCC_OPTIMIZATION_LEVEL = 0;
				GCC_PREPROCESSOR_DEFINITIONS = (
					"DEBUG=1",
					"$(inherited)",
				);
				GCC_WARN_64_TO_32_BIT_CONVERSION = YES;
				GCC_WARN_ABOUT_RETURN_TYPE = YES_ERROR;
				GCC_WARN_UNDECLARED_SELECTOR = YES;
				GCC_WARN_UNINITIALIZED_AUTOS = YES_AGGRESSIVE;
				GCC_WARN_UNUSED_FUNCTION = YES;
				GCC_WARN_UNUSED_VARIABLE = YES;
				IPHONEOS_DEPLOYMENT_TARGET = 16.0;
				LOCALIZATION_PREFERS_STRING_CATALOGS = YES;
				MTL_ENABLE_DEBUG_INFO = INCLUDE_SOURCE;
				MTL_FAST_MATH = YES;
				ONLY_ACTIVE_ARCH = YES;
				SDKROOT = iphoneos;
				SWIFT_ACTIVE_COMPILATION_CONDITIONS = "DEBUG $(inherited)";
				SWIFT_OPTIMIZATION_LEVEL = "-Onone";
			};
			name = Debug;
		};
		5FA1F8942AFF7DA400869079 /* Release */ = {
			isa = XCBuildConfiguration;
			buildSettings = {
				ALWAYS_SEARCH_USER_PATHS = NO;
				ASSETCATALOG_COMPILER_GENERATE_SWIFT_ASSET_SYMBOL_EXTENSIONS = YES;
				CLANG_ANALYZER_NONNULL = YES;
				CLANG_ANALYZER_NUMBER_OBJECT_CONVERSION = YES_AGGRESSIVE;
				CLANG_CXX_LANGUAGE_STANDARD = "gnu++20";
				CLANG_ENABLE_MODULES = YES;
				CLANG_ENABLE_OBJC_ARC = YES;
				CLANG_ENABLE_OBJC_WEAK = YES;
				CLANG_WARN_BLOCK_CAPTURE_AUTORELEASING = YES;
				CLANG_WARN_BOOL_CONVERSION = YES;
				CLANG_WARN_COMMA = YES;
				CLANG_WARN_CONSTANT_CONVERSION = YES;
				CLANG_WARN_DEPRECATED_OBJC_IMPLEMENTATIONS = YES;
				CLANG_WARN_DIRECT_OBJC_ISA_USAGE = YES_ERROR;
				CLANG_WARN_DOCUMENTATION_COMMENTS = YES;
				CLANG_WARN_EMPTY_BODY = YES;
				CLANG_WARN_ENUM_CONVERSION = YES;
				CLANG_WARN_INFINITE_RECURSION = YES;
				CLANG_WARN_INT_CONVERSION = YES;
				CLANG_WARN_NON_LITERAL_NULL_CONVERSION = YES;
				CLANG_WARN_OBJC_IMPLICIT_RETAIN_SELF = YES;
				CLANG_WARN_OBJC_LITERAL_CONVERSION = YES;
				CLANG_WARN_OBJC_ROOT_CLASS = YES_ERROR;
				CLANG_WARN_QUOTED_INCLUDE_IN_FRAMEWORK_HEADER = YES;
				CLANG_WARN_RANGE_LOOP_ANALYSIS = YES;
				CLANG_WARN_STRICT_PROTOTYPES = YES;
				CLANG_WARN_SUSPICIOUS_MOVE = YES;
				CLANG_WARN_UNGUARDED_AVAILABILITY = YES_AGGRESSIVE;
				CLANG_WARN_UNREACHABLE_CODE = YES;
				CLANG_WARN__DUPLICATE_METHOD_MATCH = YES;
				COPY_PHASE_STRIP = NO;
				DEBUG_INFORMATION_FORMAT = "dwarf-with-dsym";
				ENABLE_NS_ASSERTIONS = NO;
				ENABLE_STRICT_OBJC_MSGSEND = YES;
				ENABLE_USER_SCRIPT_SANDBOXING = YES;
				GCC_C_LANGUAGE_STANDARD = gnu17;
				GCC_NO_COMMON_BLOCKS = YES;
				GCC_WARN_64_TO_32_BIT_CONVERSION = YES;
				GCC_WARN_ABOUT_RETURN_TYPE = YES_ERROR;
				GCC_WARN_UNDECLARED_SELECTOR = YES;
				GCC_WARN_UNINITIALIZED_AUTOS = YES_AGGRESSIVE;
				GCC_WARN_UNUSED_FUNCTION = YES;
				GCC_WARN_UNUSED_VARIABLE = YES;
				IPHONEOS_DEPLOYMENT_TARGET = 16.0;
				LOCALIZATION_PREFERS_STRING_CATALOGS = YES;
				MTL_ENABLE_DEBUG_INFO = NO;
				MTL_FAST_MATH = YES;
				SDKROOT = iphoneos;
				SWIFT_COMPILATION_MODE = wholemodule;
				VALIDATE_PRODUCT = YES;
			};
			name = Release;
		};
		5FA1F8962AFF7DA400869079 /* Debug */ = {
			isa = XCBuildConfiguration;
			buildSettings = {
				ASSETCATALOG_COMPILER_APPICON_NAME = AppIcon;
				ASSETCATALOG_COMPILER_GLOBAL_ACCENT_COLOR_NAME = AccentColor;
				CLANG_ENABLE_MODULES = YES;
				CODE_SIGN_STYLE = Automatic;
				CURRENT_PROJECT_VERSION = 1;
				DEVELOPMENT_TEAM = B3PWYBKFUK;
				ENABLE_USER_SCRIPT_SANDBOXING = NO;
				GENERATE_INFOPLIST_FILE = YES;
				INFOPLIST_FILE = OpenList/App/Resources/Info.plist;
				INFOPLIST_KEY_CFBundleDisplayName = "오리";
				INFOPLIST_KEY_UIApplicationSupportsIndirectInputEvents = YES;
				INFOPLIST_KEY_UILaunchStoryboardName = LaunchScreen;
				INFOPLIST_KEY_UISupportedInterfaceOrientations = UIInterfaceOrientationPortrait;
				LD_RUNPATH_SEARCH_PATHS = (
					"$(inherited)",
					"@executable_path/Frameworks",
				);
				MARKETING_VERSION = 1.0;
				PRODUCT_BUNDLE_IDENTIFIER = kr.codesquad.boostcamp8.OpenList.OpenList;
				PRODUCT_NAME = "$(TARGET_NAME)";
				SUPPORTED_PLATFORMS = "iphoneos iphonesimulator";
				SUPPORTS_MACCATALYST = NO;
				SUPPORTS_MAC_DESIGNED_FOR_IPHONE_IPAD = NO;
				SWIFT_EMIT_LOC_STRINGS = YES;
				SWIFT_OPTIMIZATION_LEVEL = "-Onone";
				SWIFT_VERSION = 5.0;
				TARGETED_DEVICE_FAMILY = 1;
			};
			name = Debug;
		};
		5FA1F8972AFF7DA400869079 /* Release */ = {
			isa = XCBuildConfiguration;
			buildSettings = {
				ASSETCATALOG_COMPILER_APPICON_NAME = AppIcon;
				ASSETCATALOG_COMPILER_GLOBAL_ACCENT_COLOR_NAME = AccentColor;
				CLANG_ENABLE_MODULES = YES;
				CODE_SIGN_STYLE = Automatic;
				CURRENT_PROJECT_VERSION = 1;
				DEVELOPMENT_TEAM = B3PWYBKFUK;
				ENABLE_USER_SCRIPT_SANDBOXING = NO;
				GENERATE_INFOPLIST_FILE = YES;
				INFOPLIST_FILE = OpenList/App/Resources/Info.plist;
				INFOPLIST_KEY_CFBundleDisplayName = "오리";
				INFOPLIST_KEY_UIApplicationSupportsIndirectInputEvents = YES;
				INFOPLIST_KEY_UILaunchStoryboardName = LaunchScreen;
				INFOPLIST_KEY_UISupportedInterfaceOrientations = UIInterfaceOrientationPortrait;
				LD_RUNPATH_SEARCH_PATHS = (
					"$(inherited)",
					"@executable_path/Frameworks",
				);
				MARKETING_VERSION = 1.0;
				PRODUCT_BUNDLE_IDENTIFIER = kr.codesquad.boostcamp8.OpenList.OpenList;
				PRODUCT_NAME = "$(TARGET_NAME)";
				SUPPORTED_PLATFORMS = "iphoneos iphonesimulator";
				SUPPORTS_MACCATALYST = NO;
				SUPPORTS_MAC_DESIGNED_FOR_IPHONE_IPAD = NO;
				SWIFT_EMIT_LOC_STRINGS = YES;
				SWIFT_VERSION = 5.0;
				TARGETED_DEVICE_FAMILY = 1;
			};
			name = Release;
		};
/* End XCBuildConfiguration section */

/* Begin XCConfigurationList section */
		5FA1F87C2AFF7DA200869079 /* Build configuration list for PBXProject "OpenList" */ = {
			isa = XCConfigurationList;
			buildConfigurations = (
				5FA1F8932AFF7DA400869079 /* Debug */,
				5FA1F8942AFF7DA400869079 /* Release */,
			);
			defaultConfigurationIsVisible = 0;
			defaultConfigurationName = Release;
		};
		5FA1F8952AFF7DA400869079 /* Build configuration list for PBXNativeTarget "OpenList" */ = {
			isa = XCConfigurationList;
			buildConfigurations = (
				5FA1F8962AFF7DA400869079 /* Debug */,
				5FA1F8972AFF7DA400869079 /* Release */,
			);
			defaultConfigurationIsVisible = 0;
			defaultConfigurationName = Release;
		};
/* End XCConfigurationList section */
	};
	rootObject = 5FA1F8792AFF7DA200869079 /* Project object */;
}
