// !$*UTF8*$!
{
	archiveVersion = 1;
	classes = {
	};
	objectVersion = 56;
	objects = {

/* Begin PBXBuildFile section */
		4D3397FC2B02399300963664 /* Publisher+Operator.swift in Sources */ = {isa = PBXBuildFile; fileRef = 4D3397FB2B02399300963664 /* Publisher+Operator.swift */; };
		4D3398082B023BE800963664 /* CheckListTableAction.swift in Sources */ = {isa = PBXBuildFile; fileRef = 4D3398032B023BE800963664 /* CheckListTableAction.swift */; };
		4D3398092B023BE800963664 /* CheckListTableRouter.swift in Sources */ = {isa = PBXBuildFile; fileRef = 4D3398042B023BE800963664 /* CheckListTableRouter.swift */; };
		4D33980A2B023BE800963664 /* CheckListTableViewModel.swift in Sources */ = {isa = PBXBuildFile; fileRef = 4D3398052B023BE800963664 /* CheckListTableViewModel.swift */; };
		4D33980B2B023BE800963664 /* CheckListTableViewController.swift in Sources */ = {isa = PBXBuildFile; fileRef = 4D3398062B023BE800963664 /* CheckListTableViewController.swift */; };
		4D33980C2B023BE800963664 /* CheckListTableViewFactory.swift in Sources */ = {isa = PBXBuildFile; fileRef = 4D3398072B023BE800963664 /* CheckListTableViewFactory.swift */; };
		4D3398152B02436100963664 /* CheckListTableCell.swift in Sources */ = {isa = PBXBuildFile; fileRef = 4D3398142B02436100963664 /* CheckListTableCell.swift */; };
		4D3398172B024FEE00963664 /* GaugeView.swift in Sources */ = {isa = PBXBuildFile; fileRef = 4D3398162B024FEE00963664 /* GaugeView.swift */; };
		4D4241A12B0F06D500E4F049 /* CRDT.framework in Frameworks */ = {isa = PBXBuildFile; fileRef = 5F833AFB2B0E075C007EDD45 /* CRDT.framework */; };
		4D4241A22B0F06D500E4F049 /* CRDT.framework in Embed Frameworks */ = {isa = PBXBuildFile; fileRef = 5F833AFB2B0E075C007EDD45 /* CRDT.framework */; settings = {ATTRIBUTES = (CodeSignOnCopy, RemoveHeadersOnCopy, ); }; };
		4D696CBB2B0F946100873B3B /* EditText.swift in Sources */ = {isa = PBXBuildFile; fileRef = 4D696CBA2B0F946100873B3B /* EditText.swift */; };
		4D8AEBD82B121F3A00292AF3 /* WithCheckListItem.swift in Sources */ = {isa = PBXBuildFile; fileRef = 4D8AEBD72B121F3A00292AF3 /* WithCheckListItem.swift */; };
		4D8AEBDA2B122AA400292AF3 /* CRDTRequestDTO.swift in Sources */ = {isa = PBXBuildFile; fileRef = 4D8AEBD92B122AA400292AF3 /* CRDTRequestDTO.swift */; };
		4D8AEBDC2B122AAD00292AF3 /* CRDTResponseDTO.swift in Sources */ = {isa = PBXBuildFile; fileRef = 4D8AEBDB2B122AAD00292AF3 /* CRDTResponseDTO.swift */; };
		4D967CD42B050EA60032E0D7 /* UIFont+.swift in Sources */ = {isa = PBXBuildFile; fileRef = 4D967CD32B050EA60032E0D7 /* UIFont+.swift */; };
		4D967CDA2B05147D0032E0D7 /* NotoSansCJKkr-Medium.otf in Resources */ = {isa = PBXBuildFile; fileRef = 4D967CD82B05147D0032E0D7 /* NotoSansCJKkr-Medium.otf */; };
		4D967CDB2B05147D0032E0D7 /* NotoSansCJKkr-Regular.otf in Resources */ = {isa = PBXBuildFile; fileRef = 4D967CD92B05147D0032E0D7 /* NotoSansCJKkr-Regular.otf */; };
		4D967CF12B05AF940032E0D7 /* CoreDataStorage.swift in Sources */ = {isa = PBXBuildFile; fileRef = 4D967CF02B05AF940032E0D7 /* CoreDataStorage.swift */; };
		4D967CF42B05AF9F0032E0D7 /* CoreDataStorage.xcdatamodeld in Sources */ = {isa = PBXBuildFile; fileRef = 4D967CF22B05AF9F0032E0D7 /* CoreDataStorage.xcdatamodeld */; };
		4D967D032B05B9190032E0D7 /* CoreDataStorageTests.swift in Sources */ = {isa = PBXBuildFile; fileRef = 4D967D022B05B9190032E0D7 /* CoreDataStorageTests.swift */; };
		4D967D042B05B98A0032E0D7 /* CoreDataStorage.swift in Sources */ = {isa = PBXBuildFile; fileRef = 4D967CF02B05AF940032E0D7 /* CoreDataStorage.swift */; };
		4D967D0B2B05CC990032E0D7 /* MockEntity.swift in Sources */ = {isa = PBXBuildFile; fileRef = 4D967D0A2B05CC990032E0D7 /* MockEntity.swift */; };
		4D967D102B05D16D0032E0D7 /* CoreDataStorage.xcdatamodeld in Sources */ = {isa = PBXBuildFile; fileRef = 4D967CF22B05AF9F0032E0D7 /* CoreDataStorage.xcdatamodeld */; };
		4D967D152B0601870032E0D7 /* CheckListStorage.swift in Sources */ = {isa = PBXBuildFile; fileRef = 4D967D142B0601870032E0D7 /* CheckListStorage.swift */; };
		4D967D172B0617260032E0D7 /* Future+.swift in Sources */ = {isa = PBXBuildFile; fileRef = 4D967D162B0617260032E0D7 /* Future+.swift */; };
		4DCF10F02B10EC4300C614B7 /* LinkedList.swift in Sources */ = {isa = PBXBuildFile; fileRef = 4DCF10EF2B10EC4300C614B7 /* LinkedList.swift */; };
		4DD947052B044FF20054C104 /* CheckListTableItem.swift in Sources */ = {isa = PBXBuildFile; fileRef = 4DD947042B044FF20054C104 /* CheckListTableItem.swift */; };
		4DD97D982B14934000DF73BC /* DeepLinkTarget.swift in Sources */ = {isa = PBXBuildFile; fileRef = 4DD97D972B14934000DF73BC /* DeepLinkTarget.swift */; };
		4DDC43262B0F0FAB00859B28 /* CRDTUseCase.swift in Sources */ = {isa = PBXBuildFile; fileRef = 4DDC43252B0F0FAB00859B28 /* CRDTUseCase.swift */; };
		4DDC43292B0F10EF00859B28 /* CRDTRepository.swift in Sources */ = {isa = PBXBuildFile; fileRef = 4DDC43282B0F10EF00859B28 /* CRDTRepository.swift */; };
		4DDC432F2B0F16CC00859B28 /* WithDetailCheckListAction.swift in Sources */ = {isa = PBXBuildFile; fileRef = 4DDC432A2B0F16CC00859B28 /* WithDetailCheckListAction.swift */; };
		4DDC43302B0F16CC00859B28 /* WithDetailCheckListRouter.swift in Sources */ = {isa = PBXBuildFile; fileRef = 4DDC432B2B0F16CC00859B28 /* WithDetailCheckListRouter.swift */; };
		4DDC43312B0F16CC00859B28 /* WithDetailCheckListViewController.swift in Sources */ = {isa = PBXBuildFile; fileRef = 4DDC432C2B0F16CC00859B28 /* WithDetailCheckListViewController.swift */; };
		4DDC43322B0F16CC00859B28 /* WithDetailCheckListViewFactory.swift in Sources */ = {isa = PBXBuildFile; fileRef = 4DDC432D2B0F16CC00859B28 /* WithDetailCheckListViewFactory.swift */; };
		4DDC43332B0F16CC00859B28 /* WithDetailCheckListViewModel.swift in Sources */ = {isa = PBXBuildFile; fileRef = 4DDC432E2B0F16CC00859B28 /* WithDetailCheckListViewModel.swift */; };
		4DDC43362B0F19F700859B28 /* WithDetailCheckListDiffableDataSource.swift in Sources */ = {isa = PBXBuildFile; fileRef = 4DDC43352B0F19F700859B28 /* WithDetailCheckListDiffableDataSource.swift */; };
		4DDC43382B0F214300859B28 /* CheckListItem.swift in Sources */ = {isa = PBXBuildFile; fileRef = 4DDC43372B0F214300859B28 /* CheckListItem.swift */; };
		4DDC433E2B0F2A3D00859B28 /* DefaultCRDTRepository.swift in Sources */ = {isa = PBXBuildFile; fileRef = 4DDC433D2B0F2A3D00859B28 /* DefaultCRDTRepository.swift */; };
		4DDC43422B0F2AC000859B28 /* CRDTStorage.swift in Sources */ = {isa = PBXBuildFile; fileRef = 4DDC43412B0F2AC000859B28 /* CRDTStorage.swift */; };
		4DDC43492B0F39EB00859B28 /* DefaultCRDTStorage.swift in Sources */ = {isa = PBXBuildFile; fileRef = 4DDC43482B0F39EB00859B28 /* DefaultCRDTStorage.swift */; };
		4DDC434B2B0F432900859B28 /* Device.swift in Sources */ = {isa = PBXBuildFile; fileRef = 4DDC434A2B0F432900859B28 /* Device.swift */; };
		5F70C82E2B04A96E00826B5D /* PrivateDetailCheckListAction.swift in Sources */ = {isa = PBXBuildFile; fileRef = 5F70C8292B04A96E00826B5D /* PrivateDetailCheckListAction.swift */; };
		5F70C82F2B04A96E00826B5D /* PrivateDetailCheckListRouter.swift in Sources */ = {isa = PBXBuildFile; fileRef = 5F70C82A2B04A96E00826B5D /* PrivateDetailCheckListRouter.swift */; };
		5F70C8302B04A96E00826B5D /* PrivateDetailCheckListViewController.swift in Sources */ = {isa = PBXBuildFile; fileRef = 5F70C82B2B04A96E00826B5D /* PrivateDetailCheckListViewController.swift */; };
		5F70C8312B04A96E00826B5D /* PrivateDetailCheckListViewFactory.swift in Sources */ = {isa = PBXBuildFile; fileRef = 5F70C82C2B04A96E00826B5D /* PrivateDetailCheckListViewFactory.swift */; };
		5F70C8322B04A96E00826B5D /* PrivateDetailCheckListViewModel.swift in Sources */ = {isa = PBXBuildFile; fileRef = 5F70C82D2B04A96E00826B5D /* PrivateDetailCheckListViewModel.swift */; };
		5F70C8392B04BF7A00826B5D /* LocalCheckListItem.swift in Sources */ = {isa = PBXBuildFile; fileRef = 5F70C8382B04BF7A00826B5D /* LocalCheckListItem.swift */; };
		5F70C83B2B04BF9A00826B5D /* CheckListItemButton.swift in Sources */ = {isa = PBXBuildFile; fileRef = 5F70C83A2B04BF9A00826B5D /* CheckListItemButton.swift */; };
		5F70C83D2B04C39F00826B5D /* CheckListItemTextField.swift in Sources */ = {isa = PBXBuildFile; fileRef = 5F70C83C2B04C39F00826B5D /* CheckListItemTextField.swift */; };
		5F70C8402B04C6F000826B5D /* UITableView+Extensions.swift in Sources */ = {isa = PBXBuildFile; fileRef = 5F70C83F2B04C6F000826B5D /* UITableView+Extensions.swift */; };
		5F70C8422B04C7F800826B5D /* PrivateDetailCheckListDiffableDataSource.swift in Sources */ = {isa = PBXBuildFile; fileRef = 5F70C8412B04C7F800826B5D /* PrivateDetailCheckListDiffableDataSource.swift */; };
		5F70C8442B05AEF000826B5D /* CheckListItemPlaceholder.swift in Sources */ = {isa = PBXBuildFile; fileRef = 5F70C8432B05AEF000826B5D /* CheckListItemPlaceholder.swift */; };
		5F70C8462B05DC5100826B5D /* CheckListHeaderView.swift in Sources */ = {isa = PBXBuildFile; fileRef = 5F70C8452B05DC5100826B5D /* CheckListHeaderView.swift */; };
		5F70C84B2B05FE9100826B5D /* LocalStorageCheckListResponseDTO.swift in Sources */ = {isa = PBXBuildFile; fileRef = 5F70C84A2B05FE9100826B5D /* LocalStorageCheckListResponseDTO.swift */; };
		5F70C84F2B0600B800826B5D /* DefaultCheckListStorage.swift in Sources */ = {isa = PBXBuildFile; fileRef = 5F70C84E2B0600B800826B5D /* DefaultCheckListStorage.swift */; };
		5F8615E02B02249C00CF2686 /* ViewModelable.swift in Sources */ = {isa = PBXBuildFile; fileRef = 5F8615DF2B02249C00CF2686 /* ViewModelable.swift */; };
		5F8615E22B0224E100CF2686 /* ViewBindable.swift in Sources */ = {isa = PBXBuildFile; fileRef = 5F8615E12B0224E100CF2686 /* ViewBindable.swift */; };
		5FA1F88E2AFF7DA400869079 /* Assets.xcassets in Resources */ = {isa = PBXBuildFile; fileRef = 5FA1F88D2AFF7DA400869079 /* Assets.xcassets */; };
		5FA1F8912AFF7DA400869079 /* LaunchScreen.storyboard in Resources */ = {isa = PBXBuildFile; fileRef = 5FA1F88F2AFF7DA400869079 /* LaunchScreen.storyboard */; };
		5FA1F8A62AFF7E6C00869079 /* AppComponent.swift in Sources */ = {isa = PBXBuildFile; fileRef = 5FA1F8A52AFF7E6C00869079 /* AppComponent.swift */; };
		5FA1F8A92AFF7F6700869079 /* AppDelegate.swift in Sources */ = {isa = PBXBuildFile; fileRef = 5FA1F8A82AFF7F6700869079 /* AppDelegate.swift */; };
		5FA1F8AB2AFF7F7300869079 /* SceneDelegate.swift in Sources */ = {isa = PBXBuildFile; fileRef = 5FA1F8AA2AFF7F7300869079 /* SceneDelegate.swift */; };
		5FA1F8AD2AFF7F9F00869079 /* AppRouter.swift in Sources */ = {isa = PBXBuildFile; fileRef = 5FA1F8AC2AFF7F9F00869079 /* AppRouter.swift */; };
		5FA1F8B32AFF7FBB00869079 /* Component.swift in Sources */ = {isa = PBXBuildFile; fileRef = 5FA1F8AF2AFF7FBB00869079 /* Component.swift */; };
		5FA1F8B42AFF7FBB00869079 /* ViewControllable.swift in Sources */ = {isa = PBXBuildFile; fileRef = 5FA1F8B02AFF7FBB00869079 /* ViewControllable.swift */; };
		5FA1F8B52AFF7FBB00869079 /* Factoryable.swift in Sources */ = {isa = PBXBuildFile; fileRef = 5FA1F8B12AFF7FBB00869079 /* Factoryable.swift */; };
		5FA1F8B62AFF7FBB00869079 /* Dependency.swift in Sources */ = {isa = PBXBuildFile; fileRef = 5FA1F8B22AFF7FBB00869079 /* Dependency.swift */; };
		5FA1F8D02AFF802900869079 /* RecommendTabViewFactory.swift in Sources */ = {isa = PBXBuildFile; fileRef = 5FA1F8C22AFF802900869079 /* RecommendTabViewFactory.swift */; };
		5FA1F8D12AFF802900869079 /* RecommendTabViewController.swift in Sources */ = {isa = PBXBuildFile; fileRef = 5FA1F8C32AFF802900869079 /* RecommendTabViewController.swift */; };
		5FA1F8D22AFF802900869079 /* RecommendTabRouter.swift in Sources */ = {isa = PBXBuildFile; fileRef = 5FA1F8C42AFF802900869079 /* RecommendTabRouter.swift */; };
		5FA1F8D32AFF802900869079 /* TabBarPage.swift in Sources */ = {isa = PBXBuildFile; fileRef = 5FA1F8C52AFF802900869079 /* TabBarPage.swift */; };
		5FA1F8DF2AFF809C00869079 /* libCustomNetwork.a in Frameworks */ = {isa = PBXBuildFile; fileRef = 5FA1F8DD2AFF809C00869079 /* libCustomNetwork.a */; };
		5FA1F8E02AFF809C00869079 /* libCustomSocket.a in Frameworks */ = {isa = PBXBuildFile; fileRef = 5FA1F8DE2AFF809C00869079 /* libCustomSocket.a */; };
		5FA1F8E32AFF818E00869079 /* TabBarViewFactory.swift in Sources */ = {isa = PBXBuildFile; fileRef = 5FA1F8E22AFF818E00869079 /* TabBarViewFactory.swift */; };
		78C2EFFF2B03D58700E4EC4E /* AddTabAction.swift in Sources */ = {isa = PBXBuildFile; fileRef = 78C2EFFA2B03D58700E4EC4E /* AddTabAction.swift */; };
		78C2F0002B03D58700E4EC4E /* AddTabRouter.swift in Sources */ = {isa = PBXBuildFile; fileRef = 78C2EFFB2B03D58700E4EC4E /* AddTabRouter.swift */; };
		78C2F0012B03D58700E4EC4E /* AddTabViewController.swift in Sources */ = {isa = PBXBuildFile; fileRef = 78C2EFFC2B03D58700E4EC4E /* AddTabViewController.swift */; };
		78C2F0022B03D58700E4EC4E /* AddTabViewFactory.swift in Sources */ = {isa = PBXBuildFile; fileRef = 78C2EFFD2B03D58700E4EC4E /* AddTabViewFactory.swift */; };
		78C2F0032B03D58700E4EC4E /* AddTabViewModel.swift in Sources */ = {isa = PBXBuildFile; fileRef = 78C2EFFE2B03D58700E4EC4E /* AddTabViewModel.swift */; };
		78C2F0072B04657600E4EC4E /* ConfirmButton.swift in Sources */ = {isa = PBXBuildFile; fileRef = 78C2F0062B04657600E4EC4E /* ConfirmButton.swift */; };
		78C2F00A2B0487B400E4EC4E /* UITextField+Combine.swift in Sources */ = {isa = PBXBuildFile; fileRef = 78C2F0092B0487B400E4EC4E /* UITextField+Combine.swift */; };
		78C2F00D2B04882700E4EC4E /* UIControl+Combine.swift in Sources */ = {isa = PBXBuildFile; fileRef = 78C2F00C2B04882700E4EC4E /* UIControl+Combine.swift */; };
		78C2F00F2B048B6C00E4EC4E /* TabBarViewController.swift in Sources */ = {isa = PBXBuildFile; fileRef = 78C2F00E2B048B6C00E4EC4E /* TabBarViewController.swift */; };
		78C2F01C2B0490D300E4EC4E /* ValidCheckUseCase.swift in Sources */ = {isa = PBXBuildFile; fileRef = 78C2F01B2B0490D300E4EC4E /* ValidCheckUseCase.swift */; };
		78C2F01E2B04943E00E4EC4E /* String+.swift in Sources */ = {isa = PBXBuildFile; fileRef = 78C2F01D2B04943E00E4EC4E /* String+.swift */; };
		78C2F0202B04990E00E4EC4E /* UIButton+Combine.swift in Sources */ = {isa = PBXBuildFile; fileRef = 78C2F01F2B04990E00E4EC4E /* UIButton+Combine.swift */; };
		78C2F0222B049A8A00E4EC4E /* PersistenceUseCase.swift in Sources */ = {isa = PBXBuildFile; fileRef = 78C2F0212B049A8A00E4EC4E /* PersistenceUseCase.swift */; };
		78C2F0242B049AF100E4EC4E /* CheckListRepository.swift in Sources */ = {isa = PBXBuildFile; fileRef = 78C2F0232B049AF100E4EC4E /* CheckListRepository.swift */; };
		78C2F02E2B05427E00E4EC4E /* OpenListTextField.swift in Sources */ = {isa = PBXBuildFile; fileRef = 78C2F02D2B05427E00E4EC4E /* OpenListTextField.swift */; };
		78C2F0492B05C00800E4EC4E /* DefaultCheckListRepository.swift in Sources */ = {isa = PBXBuildFile; fileRef = 78C2F0482B05C00800E4EC4E /* DefaultCheckListRepository.swift */; };
/* End PBXBuildFile section */

/* Begin PBXContainerItemProxy section */
		4D967CFD2B05B8C30032E0D7 /* PBXContainerItemProxy */ = {
			isa = PBXContainerItemProxy;
			containerPortal = 5FA1F8792AFF7DA200869079 /* Project object */;
			proxyType = 1;
			remoteGlobalIDString = 5FA1F8802AFF7DA200869079;
			remoteInfo = OpenList;
		};
/* End PBXContainerItemProxy section */

/* Begin PBXCopyFilesBuildPhase section */
		4D4241A32B0F06D500E4F049 /* Embed Frameworks */ = {
			isa = PBXCopyFilesBuildPhase;
			buildActionMask = 2147483647;
			dstPath = "";
			dstSubfolderSpec = 10;
			files = (
				4D4241A22B0F06D500E4F049 /* CRDT.framework in Embed Frameworks */,
			);
			name = "Embed Frameworks";
			runOnlyForDeploymentPostprocessing = 0;
		};
/* End PBXCopyFilesBuildPhase section */

/* Begin PBXFileReference section */
		4D3397FB2B02399300963664 /* Publisher+Operator.swift */ = {isa = PBXFileReference; lastKnownFileType = sourcecode.swift; path = "Publisher+Operator.swift"; sourceTree = "<group>"; };
		4D3398032B023BE800963664 /* CheckListTableAction.swift */ = {isa = PBXFileReference; fileEncoding = 4; lastKnownFileType = sourcecode.swift; path = CheckListTableAction.swift; sourceTree = "<group>"; };
		4D3398042B023BE800963664 /* CheckListTableRouter.swift */ = {isa = PBXFileReference; fileEncoding = 4; lastKnownFileType = sourcecode.swift; path = CheckListTableRouter.swift; sourceTree = "<group>"; };
		4D3398052B023BE800963664 /* CheckListTableViewModel.swift */ = {isa = PBXFileReference; fileEncoding = 4; lastKnownFileType = sourcecode.swift; path = CheckListTableViewModel.swift; sourceTree = "<group>"; };
		4D3398062B023BE800963664 /* CheckListTableViewController.swift */ = {isa = PBXFileReference; fileEncoding = 4; lastKnownFileType = sourcecode.swift; path = CheckListTableViewController.swift; sourceTree = "<group>"; };
		4D3398072B023BE800963664 /* CheckListTableViewFactory.swift */ = {isa = PBXFileReference; fileEncoding = 4; lastKnownFileType = sourcecode.swift; path = CheckListTableViewFactory.swift; sourceTree = "<group>"; };
		4D3398142B02436100963664 /* CheckListTableCell.swift */ = {isa = PBXFileReference; lastKnownFileType = sourcecode.swift; path = CheckListTableCell.swift; sourceTree = "<group>"; };
		4D3398162B024FEE00963664 /* GaugeView.swift */ = {isa = PBXFileReference; lastKnownFileType = sourcecode.swift; path = GaugeView.swift; sourceTree = "<group>"; };
		4D696CBA2B0F946100873B3B /* EditText.swift */ = {isa = PBXFileReference; lastKnownFileType = sourcecode.swift; path = EditText.swift; sourceTree = "<group>"; };
		4D8AEBD72B121F3A00292AF3 /* WithCheckListItem.swift */ = {isa = PBXFileReference; lastKnownFileType = sourcecode.swift; path = WithCheckListItem.swift; sourceTree = "<group>"; };
		4D8AEBD92B122AA400292AF3 /* CRDTRequestDTO.swift */ = {isa = PBXFileReference; lastKnownFileType = sourcecode.swift; path = CRDTRequestDTO.swift; sourceTree = "<group>"; };
		4D8AEBDB2B122AAD00292AF3 /* CRDTResponseDTO.swift */ = {isa = PBXFileReference; lastKnownFileType = sourcecode.swift; path = CRDTResponseDTO.swift; sourceTree = "<group>"; };
		4D967CD32B050EA60032E0D7 /* UIFont+.swift */ = {isa = PBXFileReference; lastKnownFileType = sourcecode.swift; path = "UIFont+.swift"; sourceTree = "<group>"; };
		4D967CD82B05147D0032E0D7 /* NotoSansCJKkr-Medium.otf */ = {isa = PBXFileReference; lastKnownFileType = file; path = "NotoSansCJKkr-Medium.otf"; sourceTree = "<group>"; };
		4D967CD92B05147D0032E0D7 /* NotoSansCJKkr-Regular.otf */ = {isa = PBXFileReference; lastKnownFileType = file; path = "NotoSansCJKkr-Regular.otf"; sourceTree = "<group>"; };
		4D967CF02B05AF940032E0D7 /* CoreDataStorage.swift */ = {isa = PBXFileReference; lastKnownFileType = sourcecode.swift; path = CoreDataStorage.swift; sourceTree = "<group>"; };
		4D967CF32B05AF9F0032E0D7 /* CoreDataStorage.xcdatamodel */ = {isa = PBXFileReference; lastKnownFileType = wrapper.xcdatamodel; path = CoreDataStorage.xcdatamodel; sourceTree = "<group>"; };
		4D967CF92B05B8C30032E0D7 /* OpenListTests.xctest */ = {isa = PBXFileReference; explicitFileType = wrapper.cfbundle; includeInIndex = 0; path = OpenListTests.xctest; sourceTree = BUILT_PRODUCTS_DIR; };
		4D967D022B05B9190032E0D7 /* CoreDataStorageTests.swift */ = {isa = PBXFileReference; lastKnownFileType = sourcecode.swift; path = CoreDataStorageTests.swift; sourceTree = "<group>"; };
		4D967D0A2B05CC990032E0D7 /* MockEntity.swift */ = {isa = PBXFileReference; lastKnownFileType = sourcecode.swift; path = MockEntity.swift; sourceTree = "<group>"; };
		4D967D142B0601870032E0D7 /* CheckListStorage.swift */ = {isa = PBXFileReference; lastKnownFileType = sourcecode.swift; path = CheckListStorage.swift; sourceTree = "<group>"; };
		4D967D162B0617260032E0D7 /* Future+.swift */ = {isa = PBXFileReference; lastKnownFileType = sourcecode.swift; path = "Future+.swift"; sourceTree = "<group>"; };
		4DCF10EF2B10EC4300C614B7 /* LinkedList.swift */ = {isa = PBXFileReference; lastKnownFileType = sourcecode.swift; path = LinkedList.swift; sourceTree = "<group>"; };
		4DD947042B044FF20054C104 /* CheckListTableItem.swift */ = {isa = PBXFileReference; fileEncoding = 4; lastKnownFileType = sourcecode.swift; path = CheckListTableItem.swift; sourceTree = "<group>"; };
		4DD97D972B14934000DF73BC /* DeepLinkTarget.swift */ = {isa = PBXFileReference; fileEncoding = 4; lastKnownFileType = sourcecode.swift; path = DeepLinkTarget.swift; sourceTree = "<group>"; };
		4DDC43252B0F0FAB00859B28 /* CRDTUseCase.swift */ = {isa = PBXFileReference; lastKnownFileType = sourcecode.swift; path = CRDTUseCase.swift; sourceTree = "<group>"; };
		4DDC43282B0F10EF00859B28 /* CRDTRepository.swift */ = {isa = PBXFileReference; lastKnownFileType = sourcecode.swift; path = CRDTRepository.swift; sourceTree = "<group>"; };
		4DDC432A2B0F16CC00859B28 /* WithDetailCheckListAction.swift */ = {isa = PBXFileReference; lastKnownFileType = sourcecode.swift; path = WithDetailCheckListAction.swift; sourceTree = "<group>"; };
		4DDC432B2B0F16CC00859B28 /* WithDetailCheckListRouter.swift */ = {isa = PBXFileReference; lastKnownFileType = sourcecode.swift; path = WithDetailCheckListRouter.swift; sourceTree = "<group>"; };
		4DDC432C2B0F16CC00859B28 /* WithDetailCheckListViewController.swift */ = {isa = PBXFileReference; lastKnownFileType = sourcecode.swift; path = WithDetailCheckListViewController.swift; sourceTree = "<group>"; };
		4DDC432D2B0F16CC00859B28 /* WithDetailCheckListViewFactory.swift */ = {isa = PBXFileReference; lastKnownFileType = sourcecode.swift; path = WithDetailCheckListViewFactory.swift; sourceTree = "<group>"; };
		4DDC432E2B0F16CC00859B28 /* WithDetailCheckListViewModel.swift */ = {isa = PBXFileReference; lastKnownFileType = sourcecode.swift; path = WithDetailCheckListViewModel.swift; sourceTree = "<group>"; };
		4DDC43352B0F19F700859B28 /* WithDetailCheckListDiffableDataSource.swift */ = {isa = PBXFileReference; lastKnownFileType = sourcecode.swift; path = WithDetailCheckListDiffableDataSource.swift; sourceTree = "<group>"; };
		4DDC43372B0F214300859B28 /* CheckListItem.swift */ = {isa = PBXFileReference; lastKnownFileType = sourcecode.swift; path = CheckListItem.swift; sourceTree = "<group>"; };
		4DDC433D2B0F2A3D00859B28 /* DefaultCRDTRepository.swift */ = {isa = PBXFileReference; lastKnownFileType = sourcecode.swift; path = DefaultCRDTRepository.swift; sourceTree = "<group>"; };
		4DDC43412B0F2AC000859B28 /* CRDTStorage.swift */ = {isa = PBXFileReference; lastKnownFileType = sourcecode.swift; path = CRDTStorage.swift; sourceTree = "<group>"; };
		4DDC43482B0F39EB00859B28 /* DefaultCRDTStorage.swift */ = {isa = PBXFileReference; lastKnownFileType = sourcecode.swift; path = DefaultCRDTStorage.swift; sourceTree = "<group>"; };
		4DDC434A2B0F432900859B28 /* Device.swift */ = {isa = PBXFileReference; lastKnownFileType = sourcecode.swift; path = Device.swift; sourceTree = "<group>"; };
		5F70C8292B04A96E00826B5D /* PrivateDetailCheckListAction.swift */ = {isa = PBXFileReference; lastKnownFileType = sourcecode.swift; path = PrivateDetailCheckListAction.swift; sourceTree = "<group>"; };
		5F70C82A2B04A96E00826B5D /* PrivateDetailCheckListRouter.swift */ = {isa = PBXFileReference; lastKnownFileType = sourcecode.swift; path = PrivateDetailCheckListRouter.swift; sourceTree = "<group>"; };
		5F70C82B2B04A96E00826B5D /* PrivateDetailCheckListViewController.swift */ = {isa = PBXFileReference; lastKnownFileType = sourcecode.swift; path = PrivateDetailCheckListViewController.swift; sourceTree = "<group>"; };
		5F70C82C2B04A96E00826B5D /* PrivateDetailCheckListViewFactory.swift */ = {isa = PBXFileReference; lastKnownFileType = sourcecode.swift; path = PrivateDetailCheckListViewFactory.swift; sourceTree = "<group>"; };
		5F70C82D2B04A96E00826B5D /* PrivateDetailCheckListViewModel.swift */ = {isa = PBXFileReference; lastKnownFileType = sourcecode.swift; path = PrivateDetailCheckListViewModel.swift; sourceTree = "<group>"; };
		5F70C8382B04BF7A00826B5D /* LocalCheckListItem.swift */ = {isa = PBXFileReference; lastKnownFileType = sourcecode.swift; path = LocalCheckListItem.swift; sourceTree = "<group>"; };
		5F70C83A2B04BF9A00826B5D /* CheckListItemButton.swift */ = {isa = PBXFileReference; lastKnownFileType = sourcecode.swift; path = CheckListItemButton.swift; sourceTree = "<group>"; };
		5F70C83C2B04C39F00826B5D /* CheckListItemTextField.swift */ = {isa = PBXFileReference; lastKnownFileType = sourcecode.swift; path = CheckListItemTextField.swift; sourceTree = "<group>"; };
		5F70C83F2B04C6F000826B5D /* UITableView+Extensions.swift */ = {isa = PBXFileReference; lastKnownFileType = sourcecode.swift; path = "UITableView+Extensions.swift"; sourceTree = "<group>"; };
		5F70C8412B04C7F800826B5D /* PrivateDetailCheckListDiffableDataSource.swift */ = {isa = PBXFileReference; lastKnownFileType = sourcecode.swift; path = PrivateDetailCheckListDiffableDataSource.swift; sourceTree = "<group>"; };
		5F70C8432B05AEF000826B5D /* CheckListItemPlaceholder.swift */ = {isa = PBXFileReference; lastKnownFileType = sourcecode.swift; path = CheckListItemPlaceholder.swift; sourceTree = "<group>"; };
		5F70C8452B05DC5100826B5D /* CheckListHeaderView.swift */ = {isa = PBXFileReference; lastKnownFileType = sourcecode.swift; path = CheckListHeaderView.swift; sourceTree = "<group>"; };
		5F70C84A2B05FE9100826B5D /* LocalStorageCheckListResponseDTO.swift */ = {isa = PBXFileReference; lastKnownFileType = sourcecode.swift; path = LocalStorageCheckListResponseDTO.swift; sourceTree = "<group>"; };
		5F70C84E2B0600B800826B5D /* DefaultCheckListStorage.swift */ = {isa = PBXFileReference; lastKnownFileType = sourcecode.swift; path = DefaultCheckListStorage.swift; sourceTree = "<group>"; };
		5F833AFB2B0E075C007EDD45 /* CRDT.framework */ = {isa = PBXFileReference; explicitFileType = wrapper.framework; path = CRDT.framework; sourceTree = BUILT_PRODUCTS_DIR; };
		5F8615DF2B02249C00CF2686 /* ViewModelable.swift */ = {isa = PBXFileReference; lastKnownFileType = sourcecode.swift; path = ViewModelable.swift; sourceTree = "<group>"; };
		5F8615E12B0224E100CF2686 /* ViewBindable.swift */ = {isa = PBXFileReference; lastKnownFileType = sourcecode.swift; path = ViewBindable.swift; sourceTree = "<group>"; };
		5FA1F8812AFF7DA200869079 /* OpenList.app */ = {isa = PBXFileReference; explicitFileType = wrapper.application; includeInIndex = 0; path = OpenList.app; sourceTree = BUILT_PRODUCTS_DIR; };
		5FA1F88D2AFF7DA400869079 /* Assets.xcassets */ = {isa = PBXFileReference; lastKnownFileType = folder.assetcatalog; path = Assets.xcassets; sourceTree = "<group>"; };
		5FA1F8902AFF7DA400869079 /* Base */ = {isa = PBXFileReference; lastKnownFileType = file.storyboard; name = Base; path = Base.lproj/LaunchScreen.storyboard; sourceTree = "<group>"; };
		5FA1F8922AFF7DA400869079 /* Info.plist */ = {isa = PBXFileReference; lastKnownFileType = text.plist.xml; path = Info.plist; sourceTree = "<group>"; };
		5FA1F8A52AFF7E6C00869079 /* AppComponent.swift */ = {isa = PBXFileReference; lastKnownFileType = sourcecode.swift; path = AppComponent.swift; sourceTree = "<group>"; };
		5FA1F8A82AFF7F6700869079 /* AppDelegate.swift */ = {isa = PBXFileReference; lastKnownFileType = sourcecode.swift; path = AppDelegate.swift; sourceTree = "<group>"; };
		5FA1F8AA2AFF7F7300869079 /* SceneDelegate.swift */ = {isa = PBXFileReference; lastKnownFileType = sourcecode.swift; path = SceneDelegate.swift; sourceTree = "<group>"; };
		5FA1F8AC2AFF7F9F00869079 /* AppRouter.swift */ = {isa = PBXFileReference; lastKnownFileType = sourcecode.swift; path = AppRouter.swift; sourceTree = "<group>"; };
		5FA1F8AF2AFF7FBB00869079 /* Component.swift */ = {isa = PBXFileReference; fileEncoding = 4; lastKnownFileType = sourcecode.swift; path = Component.swift; sourceTree = "<group>"; };
		5FA1F8B02AFF7FBB00869079 /* ViewControllable.swift */ = {isa = PBXFileReference; fileEncoding = 4; lastKnownFileType = sourcecode.swift; path = ViewControllable.swift; sourceTree = "<group>"; };
		5FA1F8B12AFF7FBB00869079 /* Factoryable.swift */ = {isa = PBXFileReference; fileEncoding = 4; lastKnownFileType = sourcecode.swift; path = Factoryable.swift; sourceTree = "<group>"; };
		5FA1F8B22AFF7FBB00869079 /* Dependency.swift */ = {isa = PBXFileReference; fileEncoding = 4; lastKnownFileType = sourcecode.swift; path = Dependency.swift; sourceTree = "<group>"; };
		5FA1F8C22AFF802900869079 /* RecommendTabViewFactory.swift */ = {isa = PBXFileReference; fileEncoding = 4; lastKnownFileType = sourcecode.swift; path = RecommendTabViewFactory.swift; sourceTree = "<group>"; };
		5FA1F8C32AFF802900869079 /* RecommendTabViewController.swift */ = {isa = PBXFileReference; fileEncoding = 4; lastKnownFileType = sourcecode.swift; path = RecommendTabViewController.swift; sourceTree = "<group>"; };
		5FA1F8C42AFF802900869079 /* RecommendTabRouter.swift */ = {isa = PBXFileReference; fileEncoding = 4; lastKnownFileType = sourcecode.swift; path = RecommendTabRouter.swift; sourceTree = "<group>"; };
		5FA1F8C52AFF802900869079 /* TabBarPage.swift */ = {isa = PBXFileReference; fileEncoding = 4; lastKnownFileType = sourcecode.swift; path = TabBarPage.swift; sourceTree = "<group>"; };
		5FA1F8DD2AFF809C00869079 /* libCustomNetwork.a */ = {isa = PBXFileReference; explicitFileType = archive.ar; path = libCustomNetwork.a; sourceTree = BUILT_PRODUCTS_DIR; };
		5FA1F8DE2AFF809C00869079 /* libCustomSocket.a */ = {isa = PBXFileReference; explicitFileType = archive.ar; path = libCustomSocket.a; sourceTree = BUILT_PRODUCTS_DIR; };
		5FA1F8E22AFF818E00869079 /* TabBarViewFactory.swift */ = {isa = PBXFileReference; lastKnownFileType = sourcecode.swift; path = TabBarViewFactory.swift; sourceTree = "<group>"; };
		78C2EFFA2B03D58700E4EC4E /* AddTabAction.swift */ = {isa = PBXFileReference; lastKnownFileType = sourcecode.swift; path = AddTabAction.swift; sourceTree = "<group>"; };
		78C2EFFB2B03D58700E4EC4E /* AddTabRouter.swift */ = {isa = PBXFileReference; lastKnownFileType = sourcecode.swift; path = AddTabRouter.swift; sourceTree = "<group>"; };
		78C2EFFC2B03D58700E4EC4E /* AddTabViewController.swift */ = {isa = PBXFileReference; lastKnownFileType = sourcecode.swift; path = AddTabViewController.swift; sourceTree = "<group>"; };
		78C2EFFD2B03D58700E4EC4E /* AddTabViewFactory.swift */ = {isa = PBXFileReference; lastKnownFileType = sourcecode.swift; path = AddTabViewFactory.swift; sourceTree = "<group>"; };
		78C2EFFE2B03D58700E4EC4E /* AddTabViewModel.swift */ = {isa = PBXFileReference; lastKnownFileType = sourcecode.swift; path = AddTabViewModel.swift; sourceTree = "<group>"; };
		78C2F0062B04657600E4EC4E /* ConfirmButton.swift */ = {isa = PBXFileReference; lastKnownFileType = sourcecode.swift; path = ConfirmButton.swift; sourceTree = "<group>"; };
		78C2F0092B0487B400E4EC4E /* UITextField+Combine.swift */ = {isa = PBXFileReference; lastKnownFileType = sourcecode.swift; path = "UITextField+Combine.swift"; sourceTree = "<group>"; };
		78C2F00C2B04882700E4EC4E /* UIControl+Combine.swift */ = {isa = PBXFileReference; lastKnownFileType = sourcecode.swift; path = "UIControl+Combine.swift"; sourceTree = "<group>"; };
		78C2F00E2B048B6C00E4EC4E /* TabBarViewController.swift */ = {isa = PBXFileReference; lastKnownFileType = sourcecode.swift; path = TabBarViewController.swift; sourceTree = "<group>"; };
		78C2F01B2B0490D300E4EC4E /* ValidCheckUseCase.swift */ = {isa = PBXFileReference; lastKnownFileType = sourcecode.swift; path = ValidCheckUseCase.swift; sourceTree = "<group>"; };
		78C2F01D2B04943E00E4EC4E /* String+.swift */ = {isa = PBXFileReference; lastKnownFileType = sourcecode.swift; path = "String+.swift"; sourceTree = "<group>"; };
		78C2F01F2B04990E00E4EC4E /* UIButton+Combine.swift */ = {isa = PBXFileReference; lastKnownFileType = sourcecode.swift; path = "UIButton+Combine.swift"; sourceTree = "<group>"; };
		78C2F0212B049A8A00E4EC4E /* PersistenceUseCase.swift */ = {isa = PBXFileReference; lastKnownFileType = sourcecode.swift; path = PersistenceUseCase.swift; sourceTree = "<group>"; };
		78C2F0232B049AF100E4EC4E /* CheckListRepository.swift */ = {isa = PBXFileReference; lastKnownFileType = sourcecode.swift; path = CheckListRepository.swift; sourceTree = "<group>"; };
		78C2F0252B049B1D00E4EC4E /* DefaultPersistenceRepository.swift */ = {isa = PBXFileReference; lastKnownFileType = sourcecode.swift; path = DefaultPersistenceRepository.swift; sourceTree = "<group>"; };
		78C2F0282B049B5E00E4EC4E /* CoreDataStorage.swift */ = {isa = PBXFileReference; lastKnownFileType = sourcecode.swift; path = CoreDataStorage.swift; sourceTree = "<group>"; };
		78C2F02D2B05427E00E4EC4E /* OpenListTextField.swift */ = {isa = PBXFileReference; lastKnownFileType = sourcecode.swift; path = OpenListTextField.swift; sourceTree = "<group>"; };
		78C2F0482B05C00800E4EC4E /* DefaultCheckListRepository.swift */ = {isa = PBXFileReference; lastKnownFileType = sourcecode.swift; path = DefaultCheckListRepository.swift; sourceTree = "<group>"; };
/* End PBXFileReference section */

/* Begin PBXFrameworksBuildPhase section */
		4D967CF62B05B8C30032E0D7 /* Frameworks */ = {
			isa = PBXFrameworksBuildPhase;
			buildActionMask = 2147483647;
			files = (
			);
			runOnlyForDeploymentPostprocessing = 0;
		};
		5FA1F87E2AFF7DA200869079 /* Frameworks */ = {
			isa = PBXFrameworksBuildPhase;
			buildActionMask = 2147483647;
			files = (
				5FA1F8DF2AFF809C00869079 /* libCustomNetwork.a in Frameworks */,
				4D4241A12B0F06D500E4F049 /* CRDT.framework in Frameworks */,
				5FA1F8E02AFF809C00869079 /* libCustomSocket.a in Frameworks */,
			);
			runOnlyForDeploymentPostprocessing = 0;
		};
/* End PBXFrameworksBuildPhase section */

/* Begin PBXGroup section */
		4D3397F92B02396800963664 /* Extension */ = {
			isa = PBXGroup;
			children = (
				78C2F0082B04879F00E4EC4E /* Combine+ */,
				5F70C83E2B04C6CA00826B5D /* UIKit */,
				4D3397FB2B02399300963664 /* Publisher+Operator.swift */,
				78C2F01D2B04943E00E4EC4E /* String+.swift */,
				4D967CD32B050EA60032E0D7 /* UIFont+.swift */,
				4D967D162B0617260032E0D7 /* Future+.swift */,
			);
			path = Extension;
			sourceTree = "<group>";
		};
		4D3398022B023BE800963664 /* CheckListTableScene */ = {
			isa = PBXGroup;
			children = (
				4D3398132B02434F00963664 /* View */,
				4D3398032B023BE800963664 /* CheckListTableAction.swift */,
				4D3398042B023BE800963664 /* CheckListTableRouter.swift */,
				4D3398052B023BE800963664 /* CheckListTableViewModel.swift */,
				4D3398062B023BE800963664 /* CheckListTableViewController.swift */,
				4D3398072B023BE800963664 /* CheckListTableViewFactory.swift */,
			);
			path = CheckListTableScene;
			sourceTree = "<group>";
		};
		4D3398132B02434F00963664 /* View */ = {
			isa = PBXGroup;
			children = (
				4D3398142B02436100963664 /* CheckListTableCell.swift */,
				4D3398162B024FEE00963664 /* GaugeView.swift */,
			);
			path = View;
			sourceTree = "<group>";
		};
		4D8AEBD52B121F0F00292AF3 /* View */ = {
			isa = PBXGroup;
			children = (
				5F70C8382B04BF7A00826B5D /* LocalCheckListItem.swift */,
			);
			path = View;
			sourceTree = "<group>";
		};
		4D8AEBD62B121F2D00292AF3 /* View */ = {
			isa = PBXGroup;
			children = (
				4D8AEBD72B121F3A00292AF3 /* WithCheckListItem.swift */,
			);
			path = View;
			sourceTree = "<group>";
		};
		4D967CD72B05147D0032E0D7 /* Fonts */ = {
			isa = PBXGroup;
			children = (
				4D967CD82B05147D0032E0D7 /* NotoSansCJKkr-Medium.otf */,
				4D967CD92B05147D0032E0D7 /* NotoSansCJKkr-Regular.otf */,
			);
			path = Fonts;
			sourceTree = "<group>";
		};
		4D967CDE2B051E3E0032E0D7 /* Data */ = {
			isa = PBXGroup;
			children = (
				5F70C8492B05FE7200826B5D /* DTO */,
				4D967D132B0601700032E0D7 /* Storages */,
				4D967CDF2B051E3E0032E0D7 /* Repositories */,
			);
			path = Data;
			sourceTree = "<group>";
		};
		4D967CDF2B051E3E0032E0D7 /* Repositories */ = {
			isa = PBXGroup;
			children = (
				78C2F0482B05C00800E4EC4E /* DefaultCheckListRepository.swift */,
				4DDC433D2B0F2A3D00859B28 /* DefaultCRDTRepository.swift */,
			);
			path = Repositories;
			sourceTree = "<group>";
		};
		4D967CEE2B05AF7F0032E0D7 /* Storage */ = {
			isa = PBXGroup;
			children = (
				4DDC43472B0F39D300859B28 /* CRDTStorage */,
				4D967CEF2B05AF860032E0D7 /* CoreDataStorage */,
				4D967D0C2B05CFC30032E0D7 /* CheckListStorage */,
			);
			path = Storage;
			sourceTree = "<group>";
		};
		4D967CEF2B05AF860032E0D7 /* CoreDataStorage */ = {
			isa = PBXGroup;
			children = (
				4D967CF02B05AF940032E0D7 /* CoreDataStorage.swift */,
				4D967CF22B05AF9F0032E0D7 /* CoreDataStorage.xcdatamodeld */,
			);
			path = CoreDataStorage;
			sourceTree = "<group>";
		};
		4D967CFA2B05B8C30032E0D7 /* OpenListTests */ = {
			isa = PBXGroup;
			children = (
				4D967D082B05CC7F0032E0D7 /* Mock */,
				4D967D022B05B9190032E0D7 /* CoreDataStorageTests.swift */,
			);
			path = OpenListTests;
			sourceTree = "<group>";
		};
		4D967D082B05CC7F0032E0D7 /* Mock */ = {
			isa = PBXGroup;
			children = (
				4D967D0A2B05CC990032E0D7 /* MockEntity.swift */,
			);
			path = Mock;
			sourceTree = "<group>";
		};
		4D967D0C2B05CFC30032E0D7 /* CheckListStorage */ = {
			isa = PBXGroup;
			children = (
				5F70C84E2B0600B800826B5D /* DefaultCheckListStorage.swift */,
			);
			path = CheckListStorage;
			sourceTree = "<group>";
		};
		4D967D132B0601700032E0D7 /* Storages */ = {
			isa = PBXGroup;
			children = (
				4D967D142B0601870032E0D7 /* CheckListStorage.swift */,
				4DDC43412B0F2AC000859B28 /* CRDTStorage.swift */,
			);
			path = Storages;
			sourceTree = "<group>";
		};
		4DCF10EE2B10EC3900C614B7 /* DataStructure */ = {
			isa = PBXGroup;
			children = (
				4DCF10EF2B10EC4300C614B7 /* LinkedList.swift */,
			);
			path = DataStructure;
			sourceTree = "<group>";
		};
		4DD946E92B038F120054C104 /* Entites */ = {
			isa = PBXGroup;
			children = (
				4DD947042B044FF20054C104 /* CheckListTableItem.swift */,
				4DDC43372B0F214300859B28 /* CheckListItem.swift */,
				4DDC434A2B0F432900859B28 /* Device.swift */,
				4D696CBA2B0F946100873B3B /* EditText.swift */,
				4D8AEBD92B122AA400292AF3 /* CRDTRequestDTO.swift */,
				4D8AEBDB2B122AAD00292AF3 /* CRDTResponseDTO.swift */,
			);
			path = Entites;
			sourceTree = "<group>";
		};
		4DDC43272B0F0FDC00859B28 /* WithDetailCheckListScene */ = {
			isa = PBXGroup;
			children = (
				4D8AEBD62B121F2D00292AF3 /* View */,
				4DDC432A2B0F16CC00859B28 /* WithDetailCheckListAction.swift */,
				4DDC432B2B0F16CC00859B28 /* WithDetailCheckListRouter.swift */,
				4DDC432C2B0F16CC00859B28 /* WithDetailCheckListViewController.swift */,
				4DDC432D2B0F16CC00859B28 /* WithDetailCheckListViewFactory.swift */,
				4DDC432E2B0F16CC00859B28 /* WithDetailCheckListViewModel.swift */,
				4DDC43352B0F19F700859B28 /* WithDetailCheckListDiffableDataSource.swift */,
			);
			path = WithDetailCheckListScene;
			sourceTree = "<group>";
		};
		4DDC43342B0F172100859B28 /* DetailScene */ = {
			isa = PBXGroup;
			children = (
				5F70C8372B04BEEF00826B5D /* View */,
				4DDC43272B0F0FDC00859B28 /* WithDetailCheckListScene */,
				5F70C8282B04A93A00826B5D /* PrivateDetailCheckListScene */,
			);
			path = DetailScene;
			sourceTree = "<group>";
		};
		4DDC43472B0F39D300859B28 /* CRDTStorage */ = {
			isa = PBXGroup;
			children = (
				4DDC43482B0F39EB00859B28 /* DefaultCRDTStorage.swift */,
			);
			path = CRDTStorage;
			sourceTree = "<group>";
		};
		5F70C8282B04A93A00826B5D /* PrivateDetailCheckListScene */ = {
			isa = PBXGroup;
			children = (
				4D8AEBD52B121F0F00292AF3 /* View */,
				5F70C8292B04A96E00826B5D /* PrivateDetailCheckListAction.swift */,
				5F70C82A2B04A96E00826B5D /* PrivateDetailCheckListRouter.swift */,
				5F70C82B2B04A96E00826B5D /* PrivateDetailCheckListViewController.swift */,
				5F70C82C2B04A96E00826B5D /* PrivateDetailCheckListViewFactory.swift */,
				5F70C82D2B04A96E00826B5D /* PrivateDetailCheckListViewModel.swift */,
				5F70C8412B04C7F800826B5D /* PrivateDetailCheckListDiffableDataSource.swift */,
			);
			path = PrivateDetailCheckListScene;
			sourceTree = "<group>";
		};
		5F70C8372B04BEEF00826B5D /* View */ = {
			isa = PBXGroup;
			children = (
				5F70C83A2B04BF9A00826B5D /* CheckListItemButton.swift */,
				5F70C83C2B04C39F00826B5D /* CheckListItemTextField.swift */,
				5F70C8432B05AEF000826B5D /* CheckListItemPlaceholder.swift */,
				5F70C8452B05DC5100826B5D /* CheckListHeaderView.swift */,
			);
			path = View;
			sourceTree = "<group>";
		};
		5F70C83E2B04C6CA00826B5D /* UIKit */ = {
			isa = PBXGroup;
			children = (
				5F70C83F2B04C6F000826B5D /* UITableView+Extensions.swift */,
			);
			path = UIKit;
			sourceTree = "<group>";
		};
		5F70C8492B05FE7200826B5D /* DTO */ = {
			isa = PBXGroup;
			children = (
				5F70C84A2B05FE9100826B5D /* LocalStorageCheckListResponseDTO.swift */,
			);
			path = DTO;
			sourceTree = "<group>";
		};
		5FA1F8782AFF7DA200869079 = {
			isa = PBXGroup;
			children = (
				5FA1F8E12AFF80AA00869079 /* OpenList */,
				4D967CFA2B05B8C30032E0D7 /* OpenListTests */,
				5FA1F8822AFF7DA200869079 /* Products */,
				5FA1F8DC2AFF809C00869079 /* Frameworks */,
				78C2F0442B05BDB100E4EC4E /* Recovered References */,
			);
			sourceTree = "<group>";
		};
		5FA1F8822AFF7DA200869079 /* Products */ = {
			isa = PBXGroup;
			children = (
				5FA1F8812AFF7DA200869079 /* OpenList.app */,
				4D967CF92B05B8C30032E0D7 /* OpenListTests.xctest */,
			);
			name = Products;
			sourceTree = "<group>";
		};
		5FA1F8832AFF7DA200869079 /* App */ = {
			isa = PBXGroup;
			children = (
				5FA1F8A52AFF7E6C00869079 /* AppComponent.swift */,
				5FA1F8A82AFF7F6700869079 /* AppDelegate.swift */,
				5FA1F8AC2AFF7F9F00869079 /* AppRouter.swift */,
				5FA1F8AA2AFF7F7300869079 /* SceneDelegate.swift */,
				4DD97D972B14934000DF73BC /* DeepLinkTarget.swift */,
				5FA1F8A42AFF7E2F00869079 /* Resources */,
			);
			path = App;
			sourceTree = "<group>";
		};
		5FA1F8992AFF7E1300869079 /* Domain */ = {
			isa = PBXGroup;
			children = (
				4DD946E92B038F120054C104 /* Entites */,
				5FA1F8BA2AFF7FEA00869079 /* Repositories */,
				5FA1F8BB2AFF7FF000869079 /* UseCases */,
			);
			path = Domain;
			sourceTree = "<group>";
		};
		5FA1F89A2AFF7E1600869079 /* Scenes */ = {
			isa = PBXGroup;
			children = (
				5FA1F8C02AFF801600869079 /* TabbarScene */,
			);
			path = Scenes;
			sourceTree = "<group>";
		};
		5FA1F89B2AFF7E1D00869079 /* Utils */ = {
			isa = PBXGroup;
			children = (
				4DCF10EE2B10EC3900C614B7 /* DataStructure */,
				5FA1F8AE2AFF7FAD00869079 /* App */,
			);
			path = Utils;
			sourceTree = "<group>";
		};
		5FA1F8A42AFF7E2F00869079 /* Resources */ = {
			isa = PBXGroup;
			children = (
				5FA1F88D2AFF7DA400869079 /* Assets.xcassets */,
				5FA1F8922AFF7DA400869079 /* Info.plist */,
				5FA1F88F2AFF7DA400869079 /* LaunchScreen.storyboard */,
			);
			path = Resources;
			sourceTree = "<group>";
		};
		5FA1F8AE2AFF7FAD00869079 /* App */ = {
			isa = PBXGroup;
			children = (
				5FA1F8AF2AFF7FBB00869079 /* Component.swift */,
				5FA1F8B22AFF7FBB00869079 /* Dependency.swift */,
				5FA1F8B12AFF7FBB00869079 /* Factoryable.swift */,
				5F8615E12B0224E100CF2686 /* ViewBindable.swift */,
				5FA1F8B02AFF7FBB00869079 /* ViewControllable.swift */,
				5F8615DF2B02249C00CF2686 /* ViewModelable.swift */,
			);
			path = App;
			sourceTree = "<group>";
		};
		5FA1F8BA2AFF7FEA00869079 /* Repositories */ = {
			isa = PBXGroup;
			children = (
				78C2F0232B049AF100E4EC4E /* CheckListRepository.swift */,
				4DDC43282B0F10EF00859B28 /* CRDTRepository.swift */,
			);
			path = Repositories;
			sourceTree = "<group>";
		};
		5FA1F8BB2AFF7FF000869079 /* UseCases */ = {
			isa = PBXGroup;
			children = (
				78C2F01B2B0490D300E4EC4E /* ValidCheckUseCase.swift */,
				78C2F0212B049A8A00E4EC4E /* PersistenceUseCase.swift */,
				4DDC43252B0F0FAB00859B28 /* CRDTUseCase.swift */,
			);
			path = UseCases;
			sourceTree = "<group>";
		};
		5FA1F8C02AFF801600869079 /* TabbarScene */ = {
			isa = PBXGroup;
			children = (
				5FA1F8CB2AFF802900869079 /* AddTabScene */,
				5FA1F8C62AFF802900869079 /* CheckListTabScene */,
				5FA1F8C12AFF802900869079 /* RecommendTabScene */,
				5FA1F8C52AFF802900869079 /* TabBarPage.swift */,
				5FA1F8E22AFF818E00869079 /* TabBarViewFactory.swift */,
				78C2F00E2B048B6C00E4EC4E /* TabBarViewController.swift */,
			);
			path = TabbarScene;
			sourceTree = "<group>";
		};
		5FA1F8C12AFF802900869079 /* RecommendTabScene */ = {
			isa = PBXGroup;
			children = (
				5FA1F8C22AFF802900869079 /* RecommendTabViewFactory.swift */,
				5FA1F8C32AFF802900869079 /* RecommendTabViewController.swift */,
				5FA1F8C42AFF802900869079 /* RecommendTabRouter.swift */,
			);
			path = RecommendTabScene;
			sourceTree = "<group>";
		};
		5FA1F8C62AFF802900869079 /* CheckListTabScene */ = {
			isa = PBXGroup;
			children = (
				4DDC43342B0F172100859B28 /* DetailScene */,
				4D3398022B023BE800963664 /* CheckListTableScene */,
			);
			path = CheckListTabScene;
			sourceTree = "<group>";
		};
		5FA1F8CB2AFF802900869079 /* AddTabScene */ = {
			isa = PBXGroup;
			children = (
				78C2EFFA2B03D58700E4EC4E /* AddTabAction.swift */,
				78C2EFFB2B03D58700E4EC4E /* AddTabRouter.swift */,
				78C2EFFC2B03D58700E4EC4E /* AddTabViewController.swift */,
				78C2EFFD2B03D58700E4EC4E /* AddTabViewFactory.swift */,
				78C2EFFE2B03D58700E4EC4E /* AddTabViewModel.swift */,
			);
			path = AddTabScene;
			sourceTree = "<group>";
		};
		5FA1F8DC2AFF809C00869079 /* Frameworks */ = {
			isa = PBXGroup;
			children = (
				5F833AFB2B0E075C007EDD45 /* CRDT.framework */,
				5FA1F8DD2AFF809C00869079 /* libCustomNetwork.a */,
				5FA1F8DE2AFF809C00869079 /* libCustomSocket.a */,
			);
			name = Frameworks;
			sourceTree = "<group>";
		};
		5FA1F8E12AFF80AA00869079 /* OpenList */ = {
			isa = PBXGroup;
			children = (
				4D967CD72B05147D0032E0D7 /* Fonts */,
				78C2F0042B04653B00E4EC4E /* DesignSystem */,
				5FA1F8832AFF7DA200869079 /* App */,
				4D3397F92B02396800963664 /* Extension */,
				4D967CEE2B05AF7F0032E0D7 /* Storage */,
				4D967CDE2B051E3E0032E0D7 /* Data */,
				5FA1F8992AFF7E1300869079 /* Domain */,
				5FA1F89A2AFF7E1600869079 /* Scenes */,
				5FA1F89B2AFF7E1D00869079 /* Utils */,
			);
			path = OpenList;
			sourceTree = "<group>";
		};
		78C2F0042B04653B00E4EC4E /* DesignSystem */ = {
			isa = PBXGroup;
			children = (
				78C2F0052B04654900E4EC4E /* Sources */,
			);
			path = DesignSystem;
			sourceTree = "<group>";
		};
		78C2F0052B04654900E4EC4E /* Sources */ = {
			isa = PBXGroup;
			children = (
				78C2F0062B04657600E4EC4E /* ConfirmButton.swift */,
				78C2F02D2B05427E00E4EC4E /* OpenListTextField.swift */,
			);
			path = Sources;
			sourceTree = "<group>";
		};
		78C2F0082B04879F00E4EC4E /* Combine+ */ = {
			isa = PBXGroup;
			children = (
				78C2F0092B0487B400E4EC4E /* UITextField+Combine.swift */,
				78C2F01F2B04990E00E4EC4E /* UIButton+Combine.swift */,
				78C2F00C2B04882700E4EC4E /* UIControl+Combine.swift */,
			);
			path = "Combine+";
			sourceTree = "<group>";
		};
		78C2F0442B05BDB100E4EC4E /* Recovered References */ = {
			isa = PBXGroup;
			children = (
				78C2F0252B049B1D00E4EC4E /* DefaultPersistenceRepository.swift */,
				78C2F0282B049B5E00E4EC4E /* CoreDataStorage.swift */,
			);
			name = "Recovered References";
			sourceTree = "<group>";
		};
/* End PBXGroup section */

/* Begin PBXNativeTarget section */
		4D967CF82B05B8C30032E0D7 /* OpenListTests */ = {
			isa = PBXNativeTarget;
			buildConfigurationList = 4D967CFF2B05B8C30032E0D7 /* Build configuration list for PBXNativeTarget "OpenListTests" */;
			buildPhases = (
				4D967CF52B05B8C30032E0D7 /* Sources */,
				4D967CF62B05B8C30032E0D7 /* Frameworks */,
				4D967CF72B05B8C30032E0D7 /* Resources */,
			);
			buildRules = (
			);
			dependencies = (
				4D967CFE2B05B8C30032E0D7 /* PBXTargetDependency */,
			);
			name = OpenListTests;
			productName = OpenListTests;
			productReference = 4D967CF92B05B8C30032E0D7 /* OpenListTests.xctest */;
			productType = "com.apple.product-type.bundle.unit-test";
		};
		5FA1F8802AFF7DA200869079 /* OpenList */ = {
			isa = PBXNativeTarget;
			buildConfigurationList = 5FA1F8952AFF7DA400869079 /* Build configuration list for PBXNativeTarget "OpenList" */;
			buildPhases = (
				5FB19C5A2B0349E00074813C /* SwiftLint */,
				5FA1F87D2AFF7DA200869079 /* Sources */,
				5FA1F87E2AFF7DA200869079 /* Frameworks */,
				5FA1F87F2AFF7DA200869079 /* Resources */,
				4D4241A32B0F06D500E4F049 /* Embed Frameworks */,
			);
			buildRules = (
			);
			dependencies = (
			);
			name = OpenList;
			productName = OpenList;
			productReference = 5FA1F8812AFF7DA200869079 /* OpenList.app */;
			productType = "com.apple.product-type.application";
		};
/* End PBXNativeTarget section */

/* Begin PBXProject section */
		5FA1F8792AFF7DA200869079 /* Project object */ = {
			isa = PBXProject;
			attributes = {
				BuildIndependentTargetsInParallel = 1;
				LastSwiftUpdateCheck = 1500;
				LastUpgradeCheck = 1500;
				TargetAttributes = {
					4D967CF82B05B8C30032E0D7 = {
						CreatedOnToolsVersion = 15.0.1;
						LastSwiftMigration = 1500;
						TestTargetID = 5FA1F8802AFF7DA200869079;
					};
					5FA1F8802AFF7DA200869079 = {
						CreatedOnToolsVersion = 15.0.1;
						LastSwiftMigration = 1500;
					};
				};
			};
			buildConfigurationList = 5FA1F87C2AFF7DA200869079 /* Build configuration list for PBXProject "OpenList" */;
			compatibilityVersion = "Xcode 14.0";
			developmentRegion = en;
			hasScannedForEncodings = 0;
			knownRegions = (
				en,
				Base,
			);
			mainGroup = 5FA1F8782AFF7DA200869079;
			productRefGroup = 5FA1F8822AFF7DA200869079 /* Products */;
			projectDirPath = "";
			projectRoot = "";
			targets = (
				5FA1F8802AFF7DA200869079 /* OpenList */,
				4D967CF82B05B8C30032E0D7 /* OpenListTests */,
			);
		};
/* End PBXProject section */

/* Begin PBXResourcesBuildPhase section */
		4D967CF72B05B8C30032E0D7 /* Resources */ = {
			isa = PBXResourcesBuildPhase;
			buildActionMask = 2147483647;
			files = (
			);
			runOnlyForDeploymentPostprocessing = 0;
		};
		5FA1F87F2AFF7DA200869079 /* Resources */ = {
			isa = PBXResourcesBuildPhase;
			buildActionMask = 2147483647;
			files = (
				5FA1F8912AFF7DA400869079 /* LaunchScreen.storyboard in Resources */,
				4D967CDB2B05147D0032E0D7 /* NotoSansCJKkr-Regular.otf in Resources */,
				5FA1F88E2AFF7DA400869079 /* Assets.xcassets in Resources */,
				4D967CDA2B05147D0032E0D7 /* NotoSansCJKkr-Medium.otf in Resources */,
			);
			runOnlyForDeploymentPostprocessing = 0;
		};
/* End PBXResourcesBuildPhase section */

/* Begin PBXShellScriptBuildPhase section */
		5FB19C5A2B0349E00074813C /* SwiftLint */ = {
			isa = PBXShellScriptBuildPhase;
			alwaysOutOfDate = 1;
			buildActionMask = 2147483647;
			files = (
			);
			inputFileListPaths = (
			);
			inputPaths = (
			);
			name = SwiftLint;
			outputFileListPaths = (
			);
			outputPaths = (
			);
			runOnlyForDeploymentPostprocessing = 0;
			shellPath = /bin/sh;
			shellScript = "if which swiftlint > /dev/null; then\n  swiftlint\nelse\n  echo \"warning: SwiftLint not installed, download from https://github.com/realm/SwiftLint\"\nfi\n";
		};
/* End PBXShellScriptBuildPhase section */

/* Begin PBXSourcesBuildPhase section */
		4D967CF52B05B8C30032E0D7 /* Sources */ = {
			isa = PBXSourcesBuildPhase;
			buildActionMask = 2147483647;
			files = (
				4D967D102B05D16D0032E0D7 /* CoreDataStorage.xcdatamodeld in Sources */,
				4D967D042B05B98A0032E0D7 /* CoreDataStorage.swift in Sources */,
				4D967D032B05B9190032E0D7 /* CoreDataStorageTests.swift in Sources */,
				4D967D0B2B05CC990032E0D7 /* MockEntity.swift in Sources */,
			);
			runOnlyForDeploymentPostprocessing = 0;
		};
		5FA1F87D2AFF7DA200869079 /* Sources */ = {
			isa = PBXSourcesBuildPhase;
			buildActionMask = 2147483647;
			files = (
				5F70C8442B05AEF000826B5D /* CheckListItemPlaceholder.swift in Sources */,
				4D33980A2B023BE800963664 /* CheckListTableViewModel.swift in Sources */,
				78C2EFFF2B03D58700E4EC4E /* AddTabAction.swift in Sources */,
				78C2F0072B04657600E4EC4E /* ConfirmButton.swift in Sources */,
				5FA1F8B52AFF7FBB00869079 /* Factoryable.swift in Sources */,
				78C2F00D2B04882700E4EC4E /* UIControl+Combine.swift in Sources */,
				5FA1F8AD2AFF7F9F00869079 /* AppRouter.swift in Sources */,
				78C2F0012B03D58700E4EC4E /* AddTabViewController.swift in Sources */,
				78C2F0242B049AF100E4EC4E /* CheckListRepository.swift in Sources */,
				5F70C82E2B04A96E00826B5D /* PrivateDetailCheckListAction.swift in Sources */,
				4DCF10F02B10EC4300C614B7 /* LinkedList.swift in Sources */,
				4DDC433E2B0F2A3D00859B28 /* DefaultCRDTRepository.swift in Sources */,
				5F70C82F2B04A96E00826B5D /* PrivateDetailCheckListRouter.swift in Sources */,
				5FA1F8B62AFF7FBB00869079 /* Dependency.swift in Sources */,
				78C2F00F2B048B6C00E4EC4E /* TabBarViewController.swift in Sources */,
				78C2F0222B049A8A00E4EC4E /* PersistenceUseCase.swift in Sources */,
				4D8AEBDA2B122AA400292AF3 /* CRDTRequestDTO.swift in Sources */,
				5F70C84F2B0600B800826B5D /* DefaultCheckListStorage.swift in Sources */,
				5F8615E22B0224E100CF2686 /* ViewBindable.swift in Sources */,
				4DDC43332B0F16CC00859B28 /* WithDetailCheckListViewModel.swift in Sources */,
				5FA1F8D32AFF802900869079 /* TabBarPage.swift in Sources */,
				78C2F0002B03D58700E4EC4E /* AddTabRouter.swift in Sources */,
				78C2F0032B03D58700E4EC4E /* AddTabViewModel.swift in Sources */,
				5FA1F8B42AFF7FBB00869079 /* ViewControllable.swift in Sources */,
				5F8615E02B02249C00CF2686 /* ViewModelable.swift in Sources */,
				4DDC434B2B0F432900859B28 /* Device.swift in Sources */,
				5FA1F8A92AFF7F6700869079 /* AppDelegate.swift in Sources */,
				4D967CF12B05AF940032E0D7 /* CoreDataStorage.swift in Sources */,
				4DDC43492B0F39EB00859B28 /* DefaultCRDTStorage.swift in Sources */,
				4D8AEBD82B121F3A00292AF3 /* WithCheckListItem.swift in Sources */,
				78C2F00A2B0487B400E4EC4E /* UITextField+Combine.swift in Sources */,
				5F70C83B2B04BF9A00826B5D /* CheckListItemButton.swift in Sources */,
				4DDC432F2B0F16CC00859B28 /* WithDetailCheckListAction.swift in Sources */,
				5F70C8462B05DC5100826B5D /* CheckListHeaderView.swift in Sources */,
				4DDC43262B0F0FAB00859B28 /* CRDTUseCase.swift in Sources */,
				4D33980C2B023BE800963664 /* CheckListTableViewFactory.swift in Sources */,
				5FA1F8E32AFF818E00869079 /* TabBarViewFactory.swift in Sources */,
				4D3398082B023BE800963664 /* CheckListTableAction.swift in Sources */,
				5F70C83D2B04C39F00826B5D /* CheckListItemTextField.swift in Sources */,
				4D967CD42B050EA60032E0D7 /* UIFont+.swift in Sources */,
				4D967D172B0617260032E0D7 /* Future+.swift in Sources */,
				4DDC43322B0F16CC00859B28 /* WithDetailCheckListViewFactory.swift in Sources */,
				4D967CF42B05AF9F0032E0D7 /* CoreDataStorage.xcdatamodeld in Sources */,
				5FA1F8D22AFF802900869079 /* RecommendTabRouter.swift in Sources */,
				4D696CBB2B0F946100873B3B /* EditText.swift in Sources */,
				5F70C84B2B05FE9100826B5D /* LocalStorageCheckListResponseDTO.swift in Sources */,
				78C2F0022B03D58700E4EC4E /* AddTabViewFactory.swift in Sources */,
				4DDC43292B0F10EF00859B28 /* CRDTRepository.swift in Sources */,
				5FA1F8D12AFF802900869079 /* RecommendTabViewController.swift in Sources */,
				5F70C8392B04BF7A00826B5D /* LocalCheckListItem.swift in Sources */,
				5FA1F8A62AFF7E6C00869079 /* AppComponent.swift in Sources */,
				4DDC43362B0F19F700859B28 /* WithDetailCheckListDiffableDataSource.swift in Sources */,
				4DDC43312B0F16CC00859B28 /* WithDetailCheckListViewController.swift in Sources */,
				5F70C8322B04A96E00826B5D /* PrivateDetailCheckListViewModel.swift in Sources */,
				4D33980B2B023BE800963664 /* CheckListTableViewController.swift in Sources */,
				5FA1F8D02AFF802900869079 /* RecommendTabViewFactory.swift in Sources */,
				4DD97D982B14934000DF73BC /* DeepLinkTarget.swift in Sources */,
				4D967D152B0601870032E0D7 /* CheckListStorage.swift in Sources */,
				5FA1F8AB2AFF7F7300869079 /* SceneDelegate.swift in Sources */,
				5F70C8422B04C7F800826B5D /* PrivateDetailCheckListDiffableDataSource.swift in Sources */,
				4D3398092B023BE800963664 /* CheckListTableRouter.swift in Sources */,
				4DDC43422B0F2AC000859B28 /* CRDTStorage.swift in Sources */,
				5F70C8402B04C6F000826B5D /* UITableView+Extensions.swift in Sources */,
				4D3398172B024FEE00963664 /* GaugeView.swift in Sources */,
				5FA1F8B32AFF7FBB00869079 /* Component.swift in Sources */,
				78C2F0492B05C00800E4EC4E /* DefaultCheckListRepository.swift in Sources */,
				78C2F0202B04990E00E4EC4E /* UIButton+Combine.swift in Sources */,
				4D3398152B02436100963664 /* CheckListTableCell.swift in Sources */,
				4DDC43382B0F214300859B28 /* CheckListItem.swift in Sources */,
				5F70C8312B04A96E00826B5D /* PrivateDetailCheckListViewFactory.swift in Sources */,
				4DD947052B044FF20054C104 /* CheckListTableItem.swift in Sources */,
				4DDC43302B0F16CC00859B28 /* WithDetailCheckListRouter.swift in Sources */,
				4D8AEBDC2B122AAD00292AF3 /* CRDTResponseDTO.swift in Sources */,
				78C2F01C2B0490D300E4EC4E /* ValidCheckUseCase.swift in Sources */,
				78C2F01E2B04943E00E4EC4E /* String+.swift in Sources */,
				78C2F02E2B05427E00E4EC4E /* OpenListTextField.swift in Sources */,
				5F70C8302B04A96E00826B5D /* PrivateDetailCheckListViewController.swift in Sources */,
				4D3397FC2B02399300963664 /* Publisher+Operator.swift in Sources */,
			);
			runOnlyForDeploymentPostprocessing = 0;
		};
/* End PBXSourcesBuildPhase section */

/* Begin PBXTargetDependency section */
		4D967CFE2B05B8C30032E0D7 /* PBXTargetDependency */ = {
			isa = PBXTargetDependency;
			target = 5FA1F8802AFF7DA200869079 /* OpenList */;
			targetProxy = 4D967CFD2B05B8C30032E0D7 /* PBXContainerItemProxy */;
		};
/* End PBXTargetDependency section */

/* Begin PBXVariantGroup section */
		5FA1F88F2AFF7DA400869079 /* LaunchScreen.storyboard */ = {
			isa = PBXVariantGroup;
			children = (
				5FA1F8902AFF7DA400869079 /* Base */,
			);
			name = LaunchScreen.storyboard;
			sourceTree = "<group>";
		};
/* End PBXVariantGroup section */

/* Begin XCBuildConfiguration section */
		4D967D002B05B8C30032E0D7 /* Debug */ = {
			isa = XCBuildConfiguration;
			buildSettings = {
				BUNDLE_LOADER = "$(TEST_HOST)";
				CLANG_ENABLE_MODULES = YES;
				CODE_SIGN_STYLE = Automatic;
				CURRENT_PROJECT_VERSION = 1;
				DEVELOPMENT_TEAM = 2KQLD72485;
				GENERATE_INFOPLIST_FILE = YES;
				IPHONEOS_DEPLOYMENT_TARGET = 16.0;
				MARKETING_VERSION = 1.0;
				PRODUCT_BUNDLE_IDENTIFIER = "com.wi-seong.OpenListTests";
				PRODUCT_NAME = "$(TARGET_NAME)";
				SUPPORTED_PLATFORMS = "iphoneos iphonesimulator";
				SUPPORTS_MACCATALYST = NO;
				SUPPORTS_MAC_DESIGNED_FOR_IPHONE_IPAD = NO;
				SWIFT_EMIT_LOC_STRINGS = NO;
				SWIFT_OPTIMIZATION_LEVEL = "-Onone";
				SWIFT_VERSION = 5.0;
				TARGETED_DEVICE_FAMILY = 1;
				TEST_HOST = "$(BUILT_PRODUCTS_DIR)/OpenList.app/$(BUNDLE_EXECUTABLE_FOLDER_PATH)/OpenList";
			};
			name = Debug;
		};
		4D967D012B05B8C30032E0D7 /* Release */ = {
			isa = XCBuildConfiguration;
			buildSettings = {
				BUNDLE_LOADER = "$(TEST_HOST)";
				CLANG_ENABLE_MODULES = YES;
				CODE_SIGN_STYLE = Automatic;
				CURRENT_PROJECT_VERSION = 1;
				DEVELOPMENT_TEAM = 2KQLD72485;
				GENERATE_INFOPLIST_FILE = YES;
				IPHONEOS_DEPLOYMENT_TARGET = 16.0;
				MARKETING_VERSION = 1.0;
				PRODUCT_BUNDLE_IDENTIFIER = "com.wi-seong.OpenListTests";
				PRODUCT_NAME = "$(TARGET_NAME)";
				SUPPORTED_PLATFORMS = "iphoneos iphonesimulator";
				SUPPORTS_MACCATALYST = NO;
				SUPPORTS_MAC_DESIGNED_FOR_IPHONE_IPAD = NO;
				SWIFT_EMIT_LOC_STRINGS = NO;
				SWIFT_VERSION = 5.0;
				TARGETED_DEVICE_FAMILY = 1;
				TEST_HOST = "$(BUILT_PRODUCTS_DIR)/OpenList.app/$(BUNDLE_EXECUTABLE_FOLDER_PATH)/OpenList";
			};
			name = Release;
		};
		5FA1F8932AFF7DA400869079 /* Debug */ = {
			isa = XCBuildConfiguration;
			buildSettings = {
				ALWAYS_SEARCH_USER_PATHS = NO;
				ASSETCATALOG_COMPILER_GENERATE_SWIFT_ASSET_SYMBOL_EXTENSIONS = YES;
				CLANG_ANALYZER_NONNULL = YES;
				CLANG_ANALYZER_NUMBER_OBJECT_CONVERSION = YES_AGGRESSIVE;
				CLANG_CXX_LANGUAGE_STANDARD = "gnu++20";
				CLANG_ENABLE_MODULES = YES;
				CLANG_ENABLE_OBJC_ARC = YES;
				CLANG_ENABLE_OBJC_WEAK = YES;
				CLANG_WARN_BLOCK_CAPTURE_AUTORELEASING = YES;
				CLANG_WARN_BOOL_CONVERSION = YES;
				CLANG_WARN_COMMA = YES;
				CLANG_WARN_CONSTANT_CONVERSION = YES;
				CLANG_WARN_DEPRECATED_OBJC_IMPLEMENTATIONS = YES;
				CLANG_WARN_DIRECT_OBJC_ISA_USAGE = YES_ERROR;
				CLANG_WARN_DOCUMENTATION_COMMENTS = YES;
				CLANG_WARN_EMPTY_BODY = YES;
				CLANG_WARN_ENUM_CONVERSION = YES;
				CLANG_WARN_INFINITE_RECURSION = YES;
				CLANG_WARN_INT_CONVERSION = YES;
				CLANG_WARN_NON_LITERAL_NULL_CONVERSION = YES;
				CLANG_WARN_OBJC_IMPLICIT_RETAIN_SELF = YES;
				CLANG_WARN_OBJC_LITERAL_CONVERSION = YES;
				CLANG_WARN_OBJC_ROOT_CLASS = YES_ERROR;
				CLANG_WARN_QUOTED_INCLUDE_IN_FRAMEWORK_HEADER = YES;
				CLANG_WARN_RANGE_LOOP_ANALYSIS = YES;
				CLANG_WARN_STRICT_PROTOTYPES = YES;
				CLANG_WARN_SUSPICIOUS_MOVE = YES;
				CLANG_WARN_UNGUARDED_AVAILABILITY = YES_AGGRESSIVE;
				CLANG_WARN_UNREACHABLE_CODE = YES;
				CLANG_WARN__DUPLICATE_METHOD_MATCH = YES;
				COPY_PHASE_STRIP = NO;
				DEBUG_INFORMATION_FORMAT = dwarf;
				ENABLE_STRICT_OBJC_MSGSEND = YES;
				ENABLE_TESTABILITY = YES;
				ENABLE_USER_SCRIPT_SANDBOXING = YES;
				GCC_C_LANGUAGE_STANDARD = gnu17;
				GCC_DYNAMIC_NO_PIC = NO;
				GCC_NO_COMMON_BLOCKS = YES;
				GCC_OPTIMIZATION_LEVEL = 0;
				GCC_PREPROCESSOR_DEFINITIONS = (
					"DEBUG=1",
					"$(inherited)",
				);
				GCC_WARN_64_TO_32_BIT_CONVERSION = YES;
				GCC_WARN_ABOUT_RETURN_TYPE = YES_ERROR;
				GCC_WARN_UNDECLARED_SELECTOR = YES;
				GCC_WARN_UNINITIALIZED_AUTOS = YES_AGGRESSIVE;
				GCC_WARN_UNUSED_FUNCTION = YES;
				GCC_WARN_UNUSED_VARIABLE = YES;
				IPHONEOS_DEPLOYMENT_TARGET = 16.0;
				LOCALIZATION_PREFERS_STRING_CATALOGS = YES;
				MTL_ENABLE_DEBUG_INFO = INCLUDE_SOURCE;
				MTL_FAST_MATH = YES;
				ONLY_ACTIVE_ARCH = YES;
				SDKROOT = iphoneos;
				SWIFT_ACTIVE_COMPILATION_CONDITIONS = "DEBUG $(inherited)";
				SWIFT_OPTIMIZATION_LEVEL = "-Onone";
			};
			name = Debug;
		};
		5FA1F8942AFF7DA400869079 /* Release */ = {
			isa = XCBuildConfiguration;
			buildSettings = {
				ALWAYS_SEARCH_USER_PATHS = NO;
				ASSETCATALOG_COMPILER_GENERATE_SWIFT_ASSET_SYMBOL_EXTENSIONS = YES;
				CLANG_ANALYZER_NONNULL = YES;
				CLANG_ANALYZER_NUMBER_OBJECT_CONVERSION = YES_AGGRESSIVE;
				CLANG_CXX_LANGUAGE_STANDARD = "gnu++20";
				CLANG_ENABLE_MODULES = YES;
				CLANG_ENABLE_OBJC_ARC = YES;
				CLANG_ENABLE_OBJC_WEAK = YES;
				CLANG_WARN_BLOCK_CAPTURE_AUTORELEASING = YES;
				CLANG_WARN_BOOL_CONVERSION = YES;
				CLANG_WARN_COMMA = YES;
				CLANG_WARN_CONSTANT_CONVERSION = YES;
				CLANG_WARN_DEPRECATED_OBJC_IMPLEMENTATIONS = YES;
				CLANG_WARN_DIRECT_OBJC_ISA_USAGE = YES_ERROR;
				CLANG_WARN_DOCUMENTATION_COMMENTS = YES;
				CLANG_WARN_EMPTY_BODY = YES;
				CLANG_WARN_ENUM_CONVERSION = YES;
				CLANG_WARN_INFINITE_RECURSION = YES;
				CLANG_WARN_INT_CONVERSION = YES;
				CLANG_WARN_NON_LITERAL_NULL_CONVERSION = YES;
				CLANG_WARN_OBJC_IMPLICIT_RETAIN_SELF = YES;
				CLANG_WARN_OBJC_LITERAL_CONVERSION = YES;
				CLANG_WARN_OBJC_ROOT_CLASS = YES_ERROR;
				CLANG_WARN_QUOTED_INCLUDE_IN_FRAMEWORK_HEADER = YES;
				CLANG_WARN_RANGE_LOOP_ANALYSIS = YES;
				CLANG_WARN_STRICT_PROTOTYPES = YES;
				CLANG_WARN_SUSPICIOUS_MOVE = YES;
				CLANG_WARN_UNGUARDED_AVAILABILITY = YES_AGGRESSIVE;
				CLANG_WARN_UNREACHABLE_CODE = YES;
				CLANG_WARN__DUPLICATE_METHOD_MATCH = YES;
				COPY_PHASE_STRIP = NO;
				DEBUG_INFORMATION_FORMAT = "dwarf-with-dsym";
				ENABLE_NS_ASSERTIONS = NO;
				ENABLE_STRICT_OBJC_MSGSEND = YES;
				ENABLE_USER_SCRIPT_SANDBOXING = YES;
				GCC_C_LANGUAGE_STANDARD = gnu17;
				GCC_NO_COMMON_BLOCKS = YES;
				GCC_WARN_64_TO_32_BIT_CONVERSION = YES;
				GCC_WARN_ABOUT_RETURN_TYPE = YES_ERROR;
				GCC_WARN_UNDECLARED_SELECTOR = YES;
				GCC_WARN_UNINITIALIZED_AUTOS = YES_AGGRESSIVE;
				GCC_WARN_UNUSED_FUNCTION = YES;
				GCC_WARN_UNUSED_VARIABLE = YES;
				IPHONEOS_DEPLOYMENT_TARGET = 16.0;
				LOCALIZATION_PREFERS_STRING_CATALOGS = YES;
				MTL_ENABLE_DEBUG_INFO = NO;
				MTL_FAST_MATH = YES;
				SDKROOT = iphoneos;
				SWIFT_COMPILATION_MODE = wholemodule;
				VALIDATE_PRODUCT = YES;
			};
			name = Release;
		};
		5FA1F8962AFF7DA400869079 /* Debug */ = {
			isa = XCBuildConfiguration;
			buildSettings = {
				ASSETCATALOG_COMPILER_APPICON_NAME = AppIcon;
				ASSETCATALOG_COMPILER_GLOBAL_ACCENT_COLOR_NAME = AccentColor;
				CLANG_ENABLE_MODULES = YES;
				CODE_SIGN_STYLE = Automatic;
				CURRENT_PROJECT_VERSION = 1;
				DEVELOPMENT_TEAM = B3PWYBKFUK;
				ENABLE_USER_SCRIPT_SANDBOXING = NO;
				GENERATE_INFOPLIST_FILE = YES;
				INFOPLIST_FILE = OpenList/App/Resources/Info.plist;
				INFOPLIST_KEY_CFBundleDisplayName = "오리";
				INFOPLIST_KEY_UIApplicationSupportsIndirectInputEvents = YES;
				INFOPLIST_KEY_UILaunchStoryboardName = LaunchScreen;
				INFOPLIST_KEY_UISupportedInterfaceOrientations = UIInterfaceOrientationPortrait;
				LD_RUNPATH_SEARCH_PATHS = (
					"$(inherited)",
					"@executable_path/Frameworks",
				);
				MARKETING_VERSION = 1.0;
				PRODUCT_BUNDLE_IDENTIFIER = kr.codesquad.boostcamp8.OpenList.OpenList;
				PRODUCT_NAME = "$(TARGET_NAME)";
				SUPPORTED_PLATFORMS = "iphoneos iphonesimulator";
				SUPPORTS_MACCATALYST = NO;
				SUPPORTS_MAC_DESIGNED_FOR_IPHONE_IPAD = NO;
				SWIFT_EMIT_LOC_STRINGS = YES;
				SWIFT_OPTIMIZATION_LEVEL = "-Onone";
				SWIFT_VERSION = 5.0;
				TARGETED_DEVICE_FAMILY = 1;
			};
			name = Debug;
		};
		5FA1F8972AFF7DA400869079 /* Release */ = {
			isa = XCBuildConfiguration;
			buildSettings = {
				ASSETCATALOG_COMPILER_APPICON_NAME = AppIcon;
				ASSETCATALOG_COMPILER_GLOBAL_ACCENT_COLOR_NAME = AccentColor;
				CLANG_ENABLE_MODULES = YES;
				CODE_SIGN_STYLE = Automatic;
				CURRENT_PROJECT_VERSION = 1;
				DEVELOPMENT_TEAM = B3PWYBKFUK;
				ENABLE_USER_SCRIPT_SANDBOXING = NO;
				GENERATE_INFOPLIST_FILE = YES;
				INFOPLIST_FILE = OpenList/App/Resources/Info.plist;
				INFOPLIST_KEY_CFBundleDisplayName = "오리";
				INFOPLIST_KEY_UIApplicationSupportsIndirectInputEvents = YES;
				INFOPLIST_KEY_UILaunchStoryboardName = LaunchScreen;
				INFOPLIST_KEY_UISupportedInterfaceOrientations = UIInterfaceOrientationPortrait;
				LD_RUNPATH_SEARCH_PATHS = (
					"$(inherited)",
					"@executable_path/Frameworks",
				);
				MARKETING_VERSION = 1.0;
				PRODUCT_BUNDLE_IDENTIFIER = kr.codesquad.boostcamp8.OpenList.OpenList;
				PRODUCT_NAME = "$(TARGET_NAME)";
				SUPPORTED_PLATFORMS = "iphoneos iphonesimulator";
				SUPPORTS_MACCATALYST = NO;
				SUPPORTS_MAC_DESIGNED_FOR_IPHONE_IPAD = NO;
				SWIFT_EMIT_LOC_STRINGS = YES;
				SWIFT_VERSION = 5.0;
				TARGETED_DEVICE_FAMILY = 1;
			};
			name = Release;
		};
/* End XCBuildConfiguration section */

/* Begin XCConfigurationList section */
		4D967CFF2B05B8C30032E0D7 /* Build configuration list for PBXNativeTarget "OpenListTests" */ = {
			isa = XCConfigurationList;
			buildConfigurations = (
				4D967D002B05B8C30032E0D7 /* Debug */,
				4D967D012B05B8C30032E0D7 /* Release */,
			);
			defaultConfigurationIsVisible = 0;
			defaultConfigurationName = Release;
		};
		5FA1F87C2AFF7DA200869079 /* Build configuration list for PBXProject "OpenList" */ = {
			isa = XCConfigurationList;
			buildConfigurations = (
				5FA1F8932AFF7DA400869079 /* Debug */,
				5FA1F8942AFF7DA400869079 /* Release */,
			);
			defaultConfigurationIsVisible = 0;
			defaultConfigurationName = Release;
		};
		5FA1F8952AFF7DA400869079 /* Build configuration list for PBXNativeTarget "OpenList" */ = {
			isa = XCConfigurationList;
			buildConfigurations = (
				5FA1F8962AFF7DA400869079 /* Debug */,
				5FA1F8972AFF7DA400869079 /* Release */,
			);
			defaultConfigurationIsVisible = 0;
			defaultConfigurationName = Release;
		};
/* End XCConfigurationList section */

/* Begin XCVersionGroup section */
		4D967CF22B05AF9F0032E0D7 /* CoreDataStorage.xcdatamodeld */ = {
			isa = XCVersionGroup;
			children = (
				4D967CF32B05AF9F0032E0D7 /* CoreDataStorage.xcdatamodel */,
			);
			currentVersion = 4D967CF32B05AF9F0032E0D7 /* CoreDataStorage.xcdatamodel */;
			path = CoreDataStorage.xcdatamodeld;
			sourceTree = "<group>";
			versionGroupType = wrapper.xcdatamodel;
		};
/* End XCVersionGroup section */
	};
	rootObject = 5FA1F8792AFF7DA200869079 /* Project object */;
}
